// !$*UTF8*$!
{
	archiveVersion = 1;
	classes = {
	};
	objectVersion = 56;
	objects = {

/* Begin PBXBuildFile section */
		431924912AEAC37A0062312A /* CardComponent.swift in Sources */ = {isa = PBXBuildFile; fileRef = 431924902AEAC37A0062312A /* CardComponent.swift */; };
		431BAC0C2AFD25EA0004BF0F /* EventViewModel.swift in Sources */ = {isa = PBXBuildFile; fileRef = 431BAC0B2AFD25EA0004BF0F /* EventViewModel.swift */; };
		431BAC0E2AFD26020004BF0F /* EventManager.swift in Sources */ = {isa = PBXBuildFile; fileRef = 431BAC0D2AFD26020004BF0F /* EventManager.swift */; };
		434FFE592AFBE11B00D82548 /* PlusJakartaSans-SemiBold.ttf in Resources */ = {isa = PBXBuildFile; fileRef = 434FFE542AFBE11B00D82548 /* PlusJakartaSans-SemiBold.ttf */; };
		434FFE5A2AFBE11B00D82548 /* PlusJakartaSans-Regular.ttf in Resources */ = {isa = PBXBuildFile; fileRef = 434FFE552AFBE11B00D82548 /* PlusJakartaSans-Regular.ttf */; };
		434FFE5B2AFBE11B00D82548 /* Fonts.swift in Sources */ = {isa = PBXBuildFile; fileRef = 434FFE562AFBE11B00D82548 /* Fonts.swift */; };
		434FFE5C2AFBE11B00D82548 /* PlusJakartaSans-Bold.ttf in Resources */ = {isa = PBXBuildFile; fileRef = 434FFE572AFBE11B00D82548 /* PlusJakartaSans-Bold.ttf */; };
		434FFE5D2AFBE11B00D82548 /* PlusJakartaSans-Italic.ttf in Resources */ = {isa = PBXBuildFile; fileRef = 434FFE582AFBE11B00D82548 /* PlusJakartaSans-Italic.ttf */; };
		4377F9582AF646DC003C861E /* AuthenticationManager.swift in Sources */ = {isa = PBXBuildFile; fileRef = 4377F9572AF646DC003C861E /* AuthenticationManager.swift */; };
		43A99D222AFE969900365127 /* EventModel.swift in Sources */ = {isa = PBXBuildFile; fileRef = 43A99D212AFE969900365127 /* EventModel.swift */; };
		43A99D242AFF818900365127 /* SaveChangesButtonComponent.swift in Sources */ = {isa = PBXBuildFile; fileRef = 43A99D232AFF818900365127 /* SaveChangesButtonComponent.swift */; };
		43D4D1802AFB707E00ED011B /* Assets.xcassets in Resources */ = {isa = PBXBuildFile; fileRef = 43D4D17F2AFB707E00ED011B /* Assets.xcassets */; };
		43D4D1822AFB709000ED011B /* SegreboxApp.swift in Sources */ = {isa = PBXBuildFile; fileRef = 43D4D1812AFB709000ED011B /* SegreboxApp.swift */; };
		43D4D1842AFB720000ED011B /* DashboardView.swift in Sources */ = {isa = PBXBuildFile; fileRef = 43D4D1832AFB720000ED011B /* DashboardView.swift */; };
		43D4D1862AFBC7A400ED011B /* SecondaryButtonComponent.swift in Sources */ = {isa = PBXBuildFile; fileRef = 43D4D1852AFBC7A400ED011B /* SecondaryButtonComponent.swift */; };
		43D8CCE42AEF760B003938F0 /* GoogleService-Info.plist in Resources */ = {isa = PBXBuildFile; fileRef = 43D8CCE32AEF760B003938F0 /* GoogleService-Info.plist */; };
		43D8CCF32AEF771C003938F0 /* FirebaseAuth in Frameworks */ = {isa = PBXBuildFile; productRef = 43D8CCF22AEF771C003938F0 /* FirebaseAuth */; };
		43D8CCFF2AEF771C003938F0 /* FirebaseFirestore in Frameworks */ = {isa = PBXBuildFile; productRef = 43D8CCFE2AEF771C003938F0 /* FirebaseFirestore */; };
		43D8CD032AEF771C003938F0 /* FirebaseFirestoreSwift in Frameworks */ = {isa = PBXBuildFile; productRef = 43D8CD022AEF771C003938F0 /* FirebaseFirestoreSwift */; };
		43D8CD192AEF771C003938F0 /* FirebaseStorage in Frameworks */ = {isa = PBXBuildFile; productRef = 43D8CD182AEF771C003938F0 /* FirebaseStorage */; };
		43D8CD292AEF7A2D003938F0 /* FirebaseAuth in Frameworks */ = {isa = PBXBuildFile; productRef = 43D8CD282AEF7A2D003938F0 /* FirebaseAuth */; };
		43D8CD352AEF7A2D003938F0 /* FirebaseFirestore in Frameworks */ = {isa = PBXBuildFile; productRef = 43D8CD342AEF7A2D003938F0 /* FirebaseFirestore */; };
		43D8CD392AEF7A2D003938F0 /* FirebaseFirestoreSwift in Frameworks */ = {isa = PBXBuildFile; productRef = 43D8CD382AEF7A2D003938F0 /* FirebaseFirestoreSwift */; };
		43D8CD4F2AEF7A2D003938F0 /* FirebaseStorage in Frameworks */ = {isa = PBXBuildFile; productRef = 43D8CD4E2AEF7A2D003938F0 /* FirebaseStorage */; };
		43E28D9F2AF9E31D0041CF5E /* CenterHorizontalView.swift in Sources */ = {isa = PBXBuildFile; fileRef = 43E28D9E2AF9E31D0041CF5E /* CenterHorizontalView.swift */; };
		43E28DA12AF9F15D0041CF5E /* AuthenticationViewModel.swift in Sources */ = {isa = PBXBuildFile; fileRef = 43E28DA02AF9F15D0041CF5E /* AuthenticationViewModel.swift */; };
		43E28DA62AF9F2C40041CF5E /* UserModel.swift in Sources */ = {isa = PBXBuildFile; fileRef = 43E28DA52AF9F2C40041CF5E /* UserModel.swift */; };
		43E28DAA2AFA0EA60041CF5E /* Images.swift in Sources */ = {isa = PBXBuildFile; fileRef = 43E28DA92AFA0EA60041CF5E /* Images.swift */; };
		43E28DAC2AFA102B0041CF5E /* Alerts.swift in Sources */ = {isa = PBXBuildFile; fileRef = 43E28DAB2AFA102B0041CF5E /* Alerts.swift */; };
		43E28DAE2AFA15FF0041CF5E /* Colors.swift in Sources */ = {isa = PBXBuildFile; fileRef = 43E28DAD2AFA15FF0041CF5E /* Colors.swift */; };
		43E28DB42AFB5D020041CF5E /* RootView.swift in Sources */ = {isa = PBXBuildFile; fileRef = 43E28DB32AFB5D020041CF5E /* RootView.swift */; };
		43E368EE2AFFDA25003F2A95 /* EditEventView.swift in Sources */ = {isa = PBXBuildFile; fileRef = 43E368ED2AFFDA25003F2A95 /* EditEventView.swift */; };
		43E368F92B00946C003F2A95 /* ImagePicker.swift in Sources */ = {isa = PBXBuildFile; fileRef = 43E368F72B00946B003F2A95 /* ImagePicker.swift */; };
		43E368FA2B00946C003F2A95 /* ImageSaver.swift in Sources */ = {isa = PBXBuildFile; fileRef = 43E368F82B00946C003F2A95 /* ImageSaver.swift */; };
		43E368FC2B009475003F2A95 /* AddTrashBinView.swift in Sources */ = {isa = PBXBuildFile; fileRef = 43E368FB2B009475003F2A95 /* AddTrashBinView.swift */; };
		831A233A2AF1767400CDC54B /* MapComponent.swift in Sources */ = {isa = PBXBuildFile; fileRef = 831A23392AF1767400CDC54B /* MapComponent.swift */; };
		831A233E2AF17E9E00CDC54B /* CalendarPickerComponent.swift in Sources */ = {isa = PBXBuildFile; fileRef = 831A233D2AF17E9E00CDC54B /* CalendarPickerComponent.swift */; };
		83BB3D612AE3E77F00300A56 /* TestViewEvent.swift in Sources */ = {isa = PBXBuildFile; fileRef = 83BB3D602AE3E77F00300A56 /* TestViewEvent.swift */; };
		83BB3D662AE3E78200300A56 /* Preview Assets.xcassets in Resources */ = {isa = PBXBuildFile; fileRef = 83BB3D652AE3E78200300A56 /* Preview Assets.xcassets */; };
		83C8E4362AE8023100AE532E /* TextFieldComponent.swift in Sources */ = {isa = PBXBuildFile; fileRef = 83C8E4352AE8023100AE532E /* TextFieldComponent.swift */; };
		83C8E4382AE8023A00AE532E /* MainButtonComponent.swift in Sources */ = {isa = PBXBuildFile; fileRef = 83C8E4372AE8023A00AE532E /* MainButtonComponent.swift */; };
		83C8E43A2AE8025100AE532E /* LoginView.swift in Sources */ = {isa = PBXBuildFile; fileRef = 83C8E4392AE8025100AE532E /* LoginView.swift */; };
		83C8E43C2AE8025700AE532E /* RegisterView.swift in Sources */ = {isa = PBXBuildFile; fileRef = 83C8E43B2AE8025700AE532E /* RegisterView.swift */; };
		83C8E43E2AE8215900AE532E /* AddEventView.swift in Sources */ = {isa = PBXBuildFile; fileRef = 83C8E43D2AE8215900AE532E /* AddEventView.swift */; };
		83C8E4432AE8F6E800AE532E /* MapViewModel.swift in Sources */ = {isa = PBXBuildFile; fileRef = 83C8E4422AE8F6E800AE532E /* MapViewModel.swift */; };
		83C8E4452AE8F77B00AE532E /* MapView.swift in Sources */ = {isa = PBXBuildFile; fileRef = 83C8E4442AE8F77B00AE532E /* MapView.swift */; };
		83C8E4482AE9713B00AE532E /* Place.swift in Sources */ = {isa = PBXBuildFile; fileRef = 83C8E4472AE9713B00AE532E /* Place.swift */; };
		C80D1B942AE62F9A00A7C8EA /* TrashbinDetailsView.swift in Sources */ = {isa = PBXBuildFile; fileRef = C80D1B932AE62F9A00A7C8EA /* TrashbinDetailsView.swift */; };
		C80D1B962AE6316300A7C8EA /* PillShapeStatus.swift in Sources */ = {isa = PBXBuildFile; fileRef = C80D1B952AE6316300A7C8EA /* PillShapeStatus.swift */; };
		C80D1B982AE66B6000A7C8EA /* FillLevelComponent.swift in Sources */ = {isa = PBXBuildFile; fileRef = C80D1B972AE66B6000A7C8EA /* FillLevelComponent.swift */; };
		C80D1B9A2AE66D3D00A7C8EA /* PillShapeFillLevel.swift in Sources */ = {isa = PBXBuildFile; fileRef = C80D1B992AE66D3D00A7C8EA /* PillShapeFillLevel.swift */; };
/* End PBXBuildFile section */

/* Begin PBXFileReference section */
		431924902AEAC37A0062312A /* CardComponent.swift */ = {isa = PBXFileReference; fileEncoding = 4; lastKnownFileType = sourcecode.swift; path = CardComponent.swift; sourceTree = "<group>"; };
		431BAC0B2AFD25EA0004BF0F /* EventViewModel.swift */ = {isa = PBXFileReference; lastKnownFileType = sourcecode.swift; path = EventViewModel.swift; sourceTree = "<group>"; };
		431BAC0D2AFD26020004BF0F /* EventManager.swift */ = {isa = PBXFileReference; lastKnownFileType = sourcecode.swift; path = EventManager.swift; sourceTree = "<group>"; };
		434FFE542AFBE11B00D82548 /* PlusJakartaSans-SemiBold.ttf */ = {isa = PBXFileReference; lastKnownFileType = file; path = "PlusJakartaSans-SemiBold.ttf"; sourceTree = "<group>"; };
		434FFE552AFBE11B00D82548 /* PlusJakartaSans-Regular.ttf */ = {isa = PBXFileReference; lastKnownFileType = file; path = "PlusJakartaSans-Regular.ttf"; sourceTree = "<group>"; };
		434FFE562AFBE11B00D82548 /* Fonts.swift */ = {isa = PBXFileReference; fileEncoding = 4; lastKnownFileType = sourcecode.swift; path = Fonts.swift; sourceTree = "<group>"; };
		434FFE572AFBE11B00D82548 /* PlusJakartaSans-Bold.ttf */ = {isa = PBXFileReference; lastKnownFileType = file; path = "PlusJakartaSans-Bold.ttf"; sourceTree = "<group>"; };
		434FFE582AFBE11B00D82548 /* PlusJakartaSans-Italic.ttf */ = {isa = PBXFileReference; lastKnownFileType = file; path = "PlusJakartaSans-Italic.ttf"; sourceTree = "<group>"; };
		4377F9572AF646DC003C861E /* AuthenticationManager.swift */ = {isa = PBXFileReference; lastKnownFileType = sourcecode.swift; path = AuthenticationManager.swift; sourceTree = "<group>"; };
		43A99D212AFE969900365127 /* EventModel.swift */ = {isa = PBXFileReference; lastKnownFileType = sourcecode.swift; path = EventModel.swift; sourceTree = "<group>"; };
		43A99D232AFF818900365127 /* SaveChangesButtonComponent.swift */ = {isa = PBXFileReference; lastKnownFileType = sourcecode.swift; path = SaveChangesButtonComponent.swift; sourceTree = "<group>"; };
		43D4D17F2AFB707E00ED011B /* Assets.xcassets */ = {isa = PBXFileReference; lastKnownFileType = folder.assetcatalog; path = Assets.xcassets; sourceTree = "<group>"; };
		43D4D1812AFB709000ED011B /* SegreboxApp.swift */ = {isa = PBXFileReference; fileEncoding = 4; lastKnownFileType = sourcecode.swift; path = SegreboxApp.swift; sourceTree = "<group>"; };
		43D4D1832AFB720000ED011B /* DashboardView.swift */ = {isa = PBXFileReference; fileEncoding = 4; lastKnownFileType = sourcecode.swift; path = DashboardView.swift; sourceTree = "<group>"; };
		43D4D1852AFBC7A400ED011B /* SecondaryButtonComponent.swift */ = {isa = PBXFileReference; fileEncoding = 4; lastKnownFileType = sourcecode.swift; path = SecondaryButtonComponent.swift; sourceTree = "<group>"; };
		43D8CCE32AEF760B003938F0 /* GoogleService-Info.plist */ = {isa = PBXFileReference; fileEncoding = 4; lastKnownFileType = text.plist.xml; path = "GoogleService-Info.plist"; sourceTree = "<group>"; };
		43E28D9E2AF9E31D0041CF5E /* CenterHorizontalView.swift */ = {isa = PBXFileReference; lastKnownFileType = sourcecode.swift; path = CenterHorizontalView.swift; sourceTree = "<group>"; };
		43E28DA02AF9F15D0041CF5E /* AuthenticationViewModel.swift */ = {isa = PBXFileReference; lastKnownFileType = sourcecode.swift; path = AuthenticationViewModel.swift; sourceTree = "<group>"; };
		43E28DA52AF9F2C40041CF5E /* UserModel.swift */ = {isa = PBXFileReference; lastKnownFileType = sourcecode.swift; path = UserModel.swift; sourceTree = "<group>"; };
		43E28DA92AFA0EA60041CF5E /* Images.swift */ = {isa = PBXFileReference; lastKnownFileType = sourcecode.swift; path = Images.swift; sourceTree = "<group>"; };
		43E28DAB2AFA102B0041CF5E /* Alerts.swift */ = {isa = PBXFileReference; lastKnownFileType = sourcecode.swift; path = Alerts.swift; sourceTree = "<group>"; };
		43E28DAD2AFA15FF0041CF5E /* Colors.swift */ = {isa = PBXFileReference; lastKnownFileType = sourcecode.swift; path = Colors.swift; sourceTree = "<group>"; };
		43E28DB32AFB5D020041CF5E /* RootView.swift */ = {isa = PBXFileReference; lastKnownFileType = sourcecode.swift; path = RootView.swift; sourceTree = "<group>"; };
		43E368ED2AFFDA25003F2A95 /* EditEventView.swift */ = {isa = PBXFileReference; lastKnownFileType = sourcecode.swift; path = EditEventView.swift; sourceTree = "<group>"; };
		43E368F72B00946B003F2A95 /* ImagePicker.swift */ = {isa = PBXFileReference; fileEncoding = 4; lastKnownFileType = sourcecode.swift; path = ImagePicker.swift; sourceTree = "<group>"; };
		43E368F82B00946C003F2A95 /* ImageSaver.swift */ = {isa = PBXFileReference; fileEncoding = 4; lastKnownFileType = sourcecode.swift; path = ImageSaver.swift; sourceTree = "<group>"; };
		43E368FB2B009475003F2A95 /* AddTrashBinView.swift */ = {isa = PBXFileReference; fileEncoding = 4; lastKnownFileType = sourcecode.swift; path = AddTrashBinView.swift; sourceTree = "<group>"; };
		831A23392AF1767400CDC54B /* MapComponent.swift */ = {isa = PBXFileReference; lastKnownFileType = sourcecode.swift; path = MapComponent.swift; sourceTree = "<group>"; };
		831A233D2AF17E9E00CDC54B /* CalendarPickerComponent.swift */ = {isa = PBXFileReference; lastKnownFileType = sourcecode.swift; path = CalendarPickerComponent.swift; sourceTree = "<group>"; };
		83BB3D5B2AE3E77F00300A56 /* Segrebox.app */ = {isa = PBXFileReference; explicitFileType = wrapper.application; includeInIndex = 0; path = Segrebox.app; sourceTree = BUILT_PRODUCTS_DIR; };
		83BB3D602AE3E77F00300A56 /* TestViewEvent.swift */ = {isa = PBXFileReference; lastKnownFileType = sourcecode.swift; path = TestViewEvent.swift; sourceTree = "<group>"; };
		83BB3D652AE3E78200300A56 /* Preview Assets.xcassets */ = {isa = PBXFileReference; lastKnownFileType = folder.assetcatalog; path = "Preview Assets.xcassets"; sourceTree = "<group>"; };
		83BB3D712AE3ED5A00300A56 /* Info.plist */ = {isa = PBXFileReference; lastKnownFileType = text.plist; path = Info.plist; sourceTree = "<group>"; };
		83C8E4352AE8023100AE532E /* TextFieldComponent.swift */ = {isa = PBXFileReference; lastKnownFileType = sourcecode.swift; path = TextFieldComponent.swift; sourceTree = "<group>"; };
		83C8E4372AE8023A00AE532E /* MainButtonComponent.swift */ = {isa = PBXFileReference; lastKnownFileType = sourcecode.swift; path = MainButtonComponent.swift; sourceTree = "<group>"; };
		83C8E4392AE8025100AE532E /* LoginView.swift */ = {isa = PBXFileReference; lastKnownFileType = sourcecode.swift; path = LoginView.swift; sourceTree = "<group>"; };
		83C8E43B2AE8025700AE532E /* RegisterView.swift */ = {isa = PBXFileReference; lastKnownFileType = sourcecode.swift; path = RegisterView.swift; sourceTree = "<group>"; };
		83C8E43D2AE8215900AE532E /* AddEventView.swift */ = {isa = PBXFileReference; lastKnownFileType = sourcecode.swift; path = AddEventView.swift; sourceTree = "<group>"; };
		83C8E43F2AE8272200AE532E /* TextFieldComponent.swift */ = {isa = PBXFileReference; lastKnownFileType = sourcecode.swift; path = TextFieldComponent.swift; sourceTree = "<group>"; };
		83C8E4422AE8F6E800AE532E /* MapViewModel.swift */ = {isa = PBXFileReference; lastKnownFileType = sourcecode.swift; path = MapViewModel.swift; sourceTree = "<group>"; };
		83C8E4442AE8F77B00AE532E /* MapView.swift */ = {isa = PBXFileReference; lastKnownFileType = sourcecode.swift; path = MapView.swift; sourceTree = "<group>"; };
		83C8E4472AE9713B00AE532E /* Place.swift */ = {isa = PBXFileReference; lastKnownFileType = sourcecode.swift; path = Place.swift; sourceTree = "<group>"; };
		C80D1B932AE62F9A00A7C8EA /* TrashbinDetailsView.swift */ = {isa = PBXFileReference; lastKnownFileType = sourcecode.swift; path = TrashbinDetailsView.swift; sourceTree = "<group>"; };
		C80D1B952AE6316300A7C8EA /* PillShapeStatus.swift */ = {isa = PBXFileReference; lastKnownFileType = sourcecode.swift; path = PillShapeStatus.swift; sourceTree = "<group>"; };
		C80D1B972AE66B6000A7C8EA /* FillLevelComponent.swift */ = {isa = PBXFileReference; lastKnownFileType = sourcecode.swift; path = FillLevelComponent.swift; sourceTree = "<group>"; };
		C80D1B992AE66D3D00A7C8EA /* PillShapeFillLevel.swift */ = {isa = PBXFileReference; lastKnownFileType = sourcecode.swift; path = PillShapeFillLevel.swift; sourceTree = "<group>"; };
/* End PBXFileReference section */

/* Begin PBXFrameworksBuildPhase section */
		83BB3D582AE3E77F00300A56 /* Frameworks */ = {
			isa = PBXFrameworksBuildPhase;
			buildActionMask = 2147483647;
			files = (
				43D8CCFF2AEF771C003938F0 /* FirebaseFirestore in Frameworks */,
				43D8CD032AEF771C003938F0 /* FirebaseFirestoreSwift in Frameworks */,
				43D8CCF32AEF771C003938F0 /* FirebaseAuth in Frameworks */,
				43D8CD352AEF7A2D003938F0 /* FirebaseFirestore in Frameworks */,
				43D8CD392AEF7A2D003938F0 /* FirebaseFirestoreSwift in Frameworks */,
				43D8CD4F2AEF7A2D003938F0 /* FirebaseStorage in Frameworks */,
				43D8CD292AEF7A2D003938F0 /* FirebaseAuth in Frameworks */,
				43D8CD192AEF771C003938F0 /* FirebaseStorage in Frameworks */,
			);
			runOnlyForDeploymentPostprocessing = 0;
		};
/* End PBXFrameworksBuildPhase section */

/* Begin PBXGroup section */
		434FFE4B2AFBD02700D82548 /* Dashboard */ = {
			isa = PBXGroup;
			children = (
				434FFE4D2AFBD06E00D82548 /* Presenters */,
			);
			path = Dashboard;
			sourceTree = "<group>";
		};
		434FFE4C2AFBD06800D82548 /* Models */ = {
			isa = PBXGroup;
			children = (
				83C8E4472AE9713B00AE532E /* Place.swift */,
				43A99D212AFE969900365127 /* EventModel.swift */,
			);
			path = Models;
			sourceTree = "<group>";
		};
		434FFE4D2AFBD06E00D82548 /* Presenters */ = {
			isa = PBXGroup;
			children = (
				434FFE522AFBD3A600D82548 /* Components */,
				434FFE512AFBD39100D82548 /* Views */,
			);
			path = Presenters;
			sourceTree = "<group>";
		};
		434FFE4E2AFBD0D300D82548 /* Event */ = {
			isa = PBXGroup;
			children = (
				434FFE4C2AFBD06800D82548 /* Models */,
				434FFE502AFBD17600D82548 /* ViewModels */,
				434FFE5E2AFBE7D200D82548 /* Presenters */,
			);
			path = Event;
			sourceTree = "<group>";
		};
		434FFE4F2AFBD0DF00D82548 /* Notification */ = {
			isa = PBXGroup;
			children = (
			);
			path = Notification;
			sourceTree = "<group>";
		};
		434FFE502AFBD17600D82548 /* ViewModels */ = {
			isa = PBXGroup;
			children = (
				83C8E4422AE8F6E800AE532E /* MapViewModel.swift */,
				431BAC0B2AFD25EA0004BF0F /* EventViewModel.swift */,
			);
			path = ViewModels;
			sourceTree = "<group>";
		};
		434FFE512AFBD39100D82548 /* Views */ = {
			isa = PBXGroup;
			children = (
				43D4D1832AFB720000ED011B /* DashboardView.swift */,
			);
			path = Views;
			sourceTree = "<group>";
		};
		434FFE522AFBD3A600D82548 /* Components */ = {
			isa = PBXGroup;
			children = (
				43D4D1852AFBC7A400ED011B /* SecondaryButtonComponent.swift */,
			);
			path = Components;
			sourceTree = "<group>";
		};
		434FFE532AFBE11B00D82548 /* Fonts */ = {
			isa = PBXGroup;
			children = (
				434FFE542AFBE11B00D82548 /* PlusJakartaSans-SemiBold.ttf */,
				434FFE552AFBE11B00D82548 /* PlusJakartaSans-Regular.ttf */,
				434FFE562AFBE11B00D82548 /* Fonts.swift */,
				434FFE572AFBE11B00D82548 /* PlusJakartaSans-Bold.ttf */,
				434FFE582AFBE11B00D82548 /* PlusJakartaSans-Italic.ttf */,
			);
			path = Fonts;
			sourceTree = "<group>";
		};
		434FFE5E2AFBE7D200D82548 /* Presenters */ = {
			isa = PBXGroup;
			children = (
				434FFE602AFBE85D00D82548 /* Components */,
				434FFE5F2AFBE85300D82548 /* Views */,
			);
			path = Presenters;
			sourceTree = "<group>";
		};
		434FFE5F2AFBE85300D82548 /* Views */ = {
			isa = PBXGroup;
			children = (
				83C8E4442AE8F77B00AE532E /* MapView.swift */,
				43E368FB2B009475003F2A95 /* AddTrashBinView.swift */,
				83C8E43D2AE8215900AE532E /* AddEventView.swift */,
				43E368ED2AFFDA25003F2A95 /* EditEventView.swift */,
			);
			path = Views;
			sourceTree = "<group>";
		};
		434FFE602AFBE85D00D82548 /* Components */ = {
			isa = PBXGroup;
			children = (
				43A99D232AFF818900365127 /* SaveChangesButtonComponent.swift */,
				831A23392AF1767400CDC54B /* MapComponent.swift */,
				831A233D2AF17E9E00CDC54B /* CalendarPickerComponent.swift */,
			);
			path = Components;
			sourceTree = "<group>";
		};
		434FFE612AFBE8B100D82548 /* Components */ = {
			isa = PBXGroup;
			children = (
				83C8E43F2AE8272200AE532E /* TextFieldComponent.swift */,
			);
			path = Components;
			sourceTree = "<group>";
		};
		43BF25322AF8B8F000FA91FF /* Features */ = {
			isa = PBXGroup;
			children = (
				434FFE4F2AFBD0DF00D82548 /* Notification */,
				434FFE4E2AFBD0D300D82548 /* Event */,
				434FFE4B2AFBD02700D82548 /* Dashboard */,
				43D8CD582AF11FC2003938F0 /* Authentication */,
			);
			path = Features;
			sourceTree = "<group>";
		};
		43BF25352AF8BB8800FA91FF /* Application */ = {
			isa = PBXGroup;
			children = (
				43D4D1812AFB709000ED011B /* SegreboxApp.swift */,
			);
			path = Application;
			sourceTree = "<group>";
		};
		43BF25382AF8BBE200FA91FF /* Core */ = {
			isa = PBXGroup;
			children = (
				43BF25432AF8BE1100FA91FF /* Themes */,
				43BF25402AF8BDE100FA91FF /* Utilities */,
				43BF253F2AF8BDC500FA91FF /* Resources */,
			);
			path = Core;
			sourceTree = "<group>";
		};
		43BF253F2AF8BDC500FA91FF /* Resources */ = {
			isa = PBXGroup;
			children = (
				43D4D17F2AFB707E00ED011B /* Assets.xcassets */,
			);
			path = Resources;
			sourceTree = "<group>";
		};
		43BF25402AF8BDE100FA91FF /* Utilities */ = {
			isa = PBXGroup;
			children = (
				43E368F62B00945C003F2A95 /* ImageUploader */,
				43BF25412AF8BDEB00FA91FF /* Firebase */,
			);
			path = Utilities;
			sourceTree = "<group>";
		};
		43BF25412AF8BDEB00FA91FF /* Firebase */ = {
			isa = PBXGroup;
			children = (
				4377F9572AF646DC003C861E /* AuthenticationManager.swift */,
				431BAC0D2AFD26020004BF0F /* EventManager.swift */,
				43D8CCE32AEF760B003938F0 /* GoogleService-Info.plist */,
			);
			path = Firebase;
			sourceTree = "<group>";
		};
		43BF25432AF8BE1100FA91FF /* Themes */ = {
			isa = PBXGroup;
			children = (
				43E28D9C2AF9E29A0041CF5E /* Presenters */,
				434FFE532AFBE11B00D82548 /* Fonts */,
				43E28DA92AFA0EA60041CF5E /* Images.swift */,
				43E28DAB2AFA102B0041CF5E /* Alerts.swift */,
				43E28DAD2AFA15FF0041CF5E /* Colors.swift */,
			);
			path = Themes;
			sourceTree = "<group>";
		};
		43BF25472AF95EFA00FA91FF /* Presenters */ = {
			isa = PBXGroup;
			children = (
				43BF25482AF95F0400FA91FF /* Views */,
				43BF254A2AF95F2700FA91FF /* Components */,
			);
			path = Presenters;
			sourceTree = "<group>";
		};
		43BF25482AF95F0400FA91FF /* Views */ = {
			isa = PBXGroup;
			children = (
				83C8E4392AE8025100AE532E /* LoginView.swift */,
				83C8E43B2AE8025700AE532E /* RegisterView.swift */,
			);
			path = Views;
			sourceTree = "<group>";
		};
		43BF25492AF95F0900FA91FF /* ViewModels */ = {
			isa = PBXGroup;
			children = (
				43E28DA02AF9F15D0041CF5E /* AuthenticationViewModel.swift */,
			);
			path = ViewModels;
			sourceTree = "<group>";
		};
		43BF254A2AF95F2700FA91FF /* Components */ = {
			isa = PBXGroup;
			children = (
				83C8E4352AE8023100AE532E /* TextFieldComponent.swift */,
				83C8E4372AE8023A00AE532E /* MainButtonComponent.swift */,
			);
			path = Components;
			sourceTree = "<group>";
		};
		43D8CD582AF11FC2003938F0 /* Authentication */ = {
			isa = PBXGroup;
			children = (
				43E28DA42AF9F2BB0041CF5E /* Models */,
				43BF25472AF95EFA00FA91FF /* Presenters */,
				43BF25492AF95F0900FA91FF /* ViewModels */,
			);
			path = Authentication;
			sourceTree = "<group>";
		};
		43E28D9C2AF9E29A0041CF5E /* Presenters */ = {
			isa = PBXGroup;
			children = (
				434FFE612AFBE8B100D82548 /* Components */,
				43E28D9D2AF9E2F10041CF5E /* Views */,
			);
			path = Presenters;
			sourceTree = "<group>";
		};
		43E28D9D2AF9E2F10041CF5E /* Views */ = {
			isa = PBXGroup;
			children = (
				43E28D9E2AF9E31D0041CF5E /* CenterHorizontalView.swift */,
				43E28DB32AFB5D020041CF5E /* RootView.swift */,
			);
			path = Views;
			sourceTree = "<group>";
		};
		43E28DA42AF9F2BB0041CF5E /* Models */ = {
			isa = PBXGroup;
			children = (
				43E28DA52AF9F2C40041CF5E /* UserModel.swift */,
			);
			path = Models;
			sourceTree = "<group>";
		};
		43E368F62B00945C003F2A95 /* ImageUploader */ = {
			isa = PBXGroup;
			children = (
				43E368F72B00946B003F2A95 /* ImagePicker.swift */,
				43E368F82B00946C003F2A95 /* ImageSaver.swift */,
			);
			path = ImageUploader;
			sourceTree = "<group>";
		};
		83BB3D522AE3E77F00300A56 = {
			isa = PBXGroup;
			children = (
				83BB3D5D2AE3E77F00300A56 /* Segrebox */,
				83BB3D5C2AE3E77F00300A56 /* Products */,
			);
			sourceTree = "<group>";
		};
		83BB3D5C2AE3E77F00300A56 /* Products */ = {
			isa = PBXGroup;
			children = (
				83BB3D5B2AE3E77F00300A56 /* Segrebox.app */,
			);
			name = Products;
			sourceTree = "<group>";
		};
		83BB3D5D2AE3E77F00300A56 /* Segrebox */ = {
			isa = PBXGroup;
			children = (
				43BF25352AF8BB8800FA91FF /* Application */,
				43BF25322AF8B8F000FA91FF /* Features */,
				43BF25382AF8BBE200FA91FF /* Core */,
				83BB3D602AE3E77F00300A56 /* TestViewEvent.swift */,
				C80D1B932AE62F9A00A7C8EA /* TrashbinDetailsView.swift */,
				C80D1B952AE6316300A7C8EA /* PillShapeStatus.swift */,
				C80D1B992AE66D3D00A7C8EA /* PillShapeFillLevel.swift */,
				C80D1B972AE66B6000A7C8EA /* FillLevelComponent.swift */,
				431924902AEAC37A0062312A /* CardComponent.swift */,
				83BB3D712AE3ED5A00300A56 /* Info.plist */,
				83BB3D642AE3E78200300A56 /* Preview Content */,
			);
			path = Segrebox;
			sourceTree = "<group>";
		};
		83BB3D642AE3E78200300A56 /* Preview Content */ = {
			isa = PBXGroup;
			children = (
				83BB3D652AE3E78200300A56 /* Preview Assets.xcassets */,
			);
			path = "Preview Content";
			sourceTree = "<group>";
		};
/* End PBXGroup section */

/* Begin PBXNativeTarget section */
		83BB3D5A2AE3E77F00300A56 /* Segrebox */ = {
			isa = PBXNativeTarget;
			buildConfigurationList = 83BB3D692AE3E78200300A56 /* Build configuration list for PBXNativeTarget "Segrebox" */;
			buildPhases = (
				83BB3D572AE3E77F00300A56 /* Sources */,
				83BB3D582AE3E77F00300A56 /* Frameworks */,
				83BB3D592AE3E77F00300A56 /* Resources */,
			);
			buildRules = (
			);
			dependencies = (
			);
			name = Segrebox;
			packageProductDependencies = (
				43D8CCF22AEF771C003938F0 /* FirebaseAuth */,
				43D8CCFE2AEF771C003938F0 /* FirebaseFirestore */,
				43D8CD022AEF771C003938F0 /* FirebaseFirestoreSwift */,
				43D8CD182AEF771C003938F0 /* FirebaseStorage */,
				43D8CD282AEF7A2D003938F0 /* FirebaseAuth */,
				43D8CD342AEF7A2D003938F0 /* FirebaseFirestore */,
				43D8CD382AEF7A2D003938F0 /* FirebaseFirestoreSwift */,
				43D8CD4E2AEF7A2D003938F0 /* FirebaseStorage */,
			);
			productName = Segrebox;
			productReference = 83BB3D5B2AE3E77F00300A56 /* Segrebox.app */;
			productType = "com.apple.product-type.application";
		};
/* End PBXNativeTarget section */

/* Begin PBXProject section */
		83BB3D532AE3E77F00300A56 /* Project object */ = {
			isa = PBXProject;
			attributes = {
				BuildIndependentTargetsInParallel = 1;
				LastSwiftUpdateCheck = 1500;
				LastUpgradeCheck = 1500;
				TargetAttributes = {
					83BB3D5A2AE3E77F00300A56 = {
						CreatedOnToolsVersion = 15.0;
					};
				};
			};
			buildConfigurationList = 83BB3D562AE3E77F00300A56 /* Build configuration list for PBXProject "Segrebox" */;
			compatibilityVersion = "Xcode 14.0";
			developmentRegion = en;
			hasScannedForEncodings = 0;
			knownRegions = (
				en,
				Base,
			);
			mainGroup = 83BB3D522AE3E77F00300A56;
			packageReferences = (
				43D8CCE52AEF771C003938F0 /* XCRemoteSwiftPackageReference "firebase-ios-sdk" */,
			);
			productRefGroup = 83BB3D5C2AE3E77F00300A56 /* Products */;
			projectDirPath = "";
			projectRoot = "";
			targets = (
				83BB3D5A2AE3E77F00300A56 /* Segrebox */,
			);
		};
/* End PBXProject section */

/* Begin PBXResourcesBuildPhase section */
		83BB3D592AE3E77F00300A56 /* Resources */ = {
			isa = PBXResourcesBuildPhase;
			buildActionMask = 2147483647;
			files = (
				83BB3D662AE3E78200300A56 /* Preview Assets.xcassets in Resources */,
				43D4D1802AFB707E00ED011B /* Assets.xcassets in Resources */,
				43D8CCE42AEF760B003938F0 /* GoogleService-Info.plist in Resources */,
				434FFE5C2AFBE11B00D82548 /* PlusJakartaSans-Bold.ttf in Resources */,
				434FFE5A2AFBE11B00D82548 /* PlusJakartaSans-Regular.ttf in Resources */,
				434FFE592AFBE11B00D82548 /* PlusJakartaSans-SemiBold.ttf in Resources */,
				434FFE5D2AFBE11B00D82548 /* PlusJakartaSans-Italic.ttf in Resources */,
			);
			runOnlyForDeploymentPostprocessing = 0;
		};
/* End PBXResourcesBuildPhase section */

/* Begin PBXSourcesBuildPhase section */
		83BB3D572AE3E77F00300A56 /* Sources */ = {
			isa = PBXSourcesBuildPhase;
			buildActionMask = 2147483647;
			files = (
				43D4D1862AFBC7A400ED011B /* SecondaryButtonComponent.swift in Sources */,
				43E28DB42AFB5D020041CF5E /* RootView.swift in Sources */,
				83C8E4382AE8023A00AE532E /* MainButtonComponent.swift in Sources */,
				43E28DAE2AFA15FF0041CF5E /* Colors.swift in Sources */,
				43E28DAC2AFA102B0041CF5E /* Alerts.swift in Sources */,
				83BB3D612AE3E77F00300A56 /* TestViewEvent.swift in Sources */,
				43E28DA12AF9F15D0041CF5E /* AuthenticationViewModel.swift in Sources */,
				83C8E4362AE8023100AE532E /* TextFieldComponent.swift in Sources */,
				43A99D242AFF818900365127 /* SaveChangesButtonComponent.swift in Sources */,
				43E28D9F2AF9E31D0041CF5E /* CenterHorizontalView.swift in Sources */,
				434FFE5B2AFBE11B00D82548 /* Fonts.swift in Sources */,
				83C8E43C2AE8025700AE532E /* RegisterView.swift in Sources */,
				83C8E43A2AE8025100AE532E /* LoginView.swift in Sources */,
				431924912AEAC37A0062312A /* CardComponent.swift in Sources */,
				431BAC0C2AFD25EA0004BF0F /* EventViewModel.swift in Sources */,
				C80D1B962AE6316300A7C8EA /* PillShapeStatus.swift in Sources */,
				83BB3D612AE3E77F00300A56 /* TestViewEvent.swift in Sources */,
				43E368F92B00946C003F2A95 /* ImagePicker.swift in Sources */,
				43D4D1822AFB709000ED011B /* SegreboxApp.swift in Sources */,
				4377F9582AF646DC003C861E /* AuthenticationManager.swift in Sources */,
				C80D1B9A2AE66D3D00A7C8EA /* PillShapeFillLevel.swift in Sources */,
				43E368FC2B009475003F2A95 /* AddTrashBinView.swift in Sources */,
				43E28DAA2AFA0EA60041CF5E /* Images.swift in Sources */,
				43D4D1842AFB720000ED011B /* DashboardView.swift in Sources */,
				C80D1B982AE66B6000A7C8EA /* FillLevelComponent.swift in Sources */,
				C80D1B942AE62F9A00A7C8EA /* TrashbinDetailsView.swift in Sources */,
				43E28DA62AF9F2C40041CF5E /* UserModel.swift in Sources */,
				431BAC0E2AFD26020004BF0F /* EventManager.swift in Sources */,
				83C8E4452AE8F77B00AE532E /* MapView.swift in Sources */,
				831A233A2AF1767400CDC54B /* MapComponent.swift in Sources */,
				83C8E4432AE8F6E800AE532E /* MapViewModel.swift in Sources */,
				83C8E4482AE9713B00AE532E /* Place.swift in Sources */,
				43E368FA2B00946C003F2A95 /* ImageSaver.swift in Sources */,
				83C8E43E2AE8215900AE532E /* AddEventView.swift in Sources */,
				43A99D222AFE969900365127 /* EventModel.swift in Sources */,
				831A233E2AF17E9E00CDC54B /* CalendarPickerComponent.swift in Sources */,
				43E368EE2AFFDA25003F2A95 /* EditEventView.swift in Sources */,
			);
			runOnlyForDeploymentPostprocessing = 0;
		};
/* End PBXSourcesBuildPhase section */

/* Begin XCBuildConfiguration section */
		83BB3D672AE3E78200300A56 /* Debug */ = {
			isa = XCBuildConfiguration;
			buildSettings = {
				ALWAYS_SEARCH_USER_PATHS = NO;
				ASSETCATALOG_COMPILER_GENERATE_SWIFT_ASSET_SYMBOL_EXTENSIONS = YES;
				CLANG_ANALYZER_NONNULL = YES;
				CLANG_ANALYZER_NUMBER_OBJECT_CONVERSION = YES_AGGRESSIVE;
				CLANG_CXX_LANGUAGE_STANDARD = "gnu++20";
				CLANG_ENABLE_MODULES = YES;
				CLANG_ENABLE_OBJC_ARC = YES;
				CLANG_ENABLE_OBJC_WEAK = YES;
				CLANG_WARN_BLOCK_CAPTURE_AUTORELEASING = YES;
				CLANG_WARN_BOOL_CONVERSION = YES;
				CLANG_WARN_COMMA = YES;
				CLANG_WARN_CONSTANT_CONVERSION = YES;
				CLANG_WARN_DEPRECATED_OBJC_IMPLEMENTATIONS = YES;
				CLANG_WARN_DIRECT_OBJC_ISA_USAGE = YES_ERROR;
				CLANG_WARN_DOCUMENTATION_COMMENTS = YES;
				CLANG_WARN_EMPTY_BODY = YES;
				CLANG_WARN_ENUM_CONVERSION = YES;
				CLANG_WARN_INFINITE_RECURSION = YES;
				CLANG_WARN_INT_CONVERSION = YES;
				CLANG_WARN_NON_LITERAL_NULL_CONVERSION = YES;
				CLANG_WARN_OBJC_IMPLICIT_RETAIN_SELF = YES;
				CLANG_WARN_OBJC_LITERAL_CONVERSION = YES;
				CLANG_WARN_OBJC_ROOT_CLASS = YES_ERROR;
				CLANG_WARN_QUOTED_INCLUDE_IN_FRAMEWORK_HEADER = YES;
				CLANG_WARN_RANGE_LOOP_ANALYSIS = YES;
				CLANG_WARN_STRICT_PROTOTYPES = YES;
				CLANG_WARN_SUSPICIOUS_MOVE = YES;
				CLANG_WARN_UNGUARDED_AVAILABILITY = YES_AGGRESSIVE;
				CLANG_WARN_UNREACHABLE_CODE = YES;
				CLANG_WARN__DUPLICATE_METHOD_MATCH = YES;
				COPY_PHASE_STRIP = NO;
				DEBUG_INFORMATION_FORMAT = dwarf;
				ENABLE_STRICT_OBJC_MSGSEND = YES;
				ENABLE_TESTABILITY = YES;
				ENABLE_USER_SCRIPT_SANDBOXING = YES;
				GCC_C_LANGUAGE_STANDARD = gnu17;
				GCC_DYNAMIC_NO_PIC = NO;
				GCC_NO_COMMON_BLOCKS = YES;
				GCC_OPTIMIZATION_LEVEL = 0;
				GCC_PREPROCESSOR_DEFINITIONS = (
					"DEBUG=1",
					"$(inherited)",
				);
				GCC_WARN_64_TO_32_BIT_CONVERSION = YES;
				GCC_WARN_ABOUT_RETURN_TYPE = YES_ERROR;
				GCC_WARN_UNDECLARED_SELECTOR = YES;
				GCC_WARN_UNINITIALIZED_AUTOS = YES_AGGRESSIVE;
				GCC_WARN_UNUSED_FUNCTION = YES;
				GCC_WARN_UNUSED_VARIABLE = YES;
				IPHONEOS_DEPLOYMENT_TARGET = 17.0;
				LOCALIZATION_PREFERS_STRING_CATALOGS = YES;
				MTL_ENABLE_DEBUG_INFO = INCLUDE_SOURCE;
				MTL_FAST_MATH = YES;
				ONLY_ACTIVE_ARCH = YES;
				SDKROOT = iphoneos;
				SWIFT_ACTIVE_COMPILATION_CONDITIONS = "DEBUG $(inherited)";
				SWIFT_OPTIMIZATION_LEVEL = "-Onone";
			};
			name = Debug;
		};
		83BB3D682AE3E78200300A56 /* Release */ = {
			isa = XCBuildConfiguration;
			buildSettings = {
				ALWAYS_SEARCH_USER_PATHS = NO;
				ASSETCATALOG_COMPILER_GENERATE_SWIFT_ASSET_SYMBOL_EXTENSIONS = YES;
				CLANG_ANALYZER_NONNULL = YES;
				CLANG_ANALYZER_NUMBER_OBJECT_CONVERSION = YES_AGGRESSIVE;
				CLANG_CXX_LANGUAGE_STANDARD = "gnu++20";
				CLANG_ENABLE_MODULES = YES;
				CLANG_ENABLE_OBJC_ARC = YES;
				CLANG_ENABLE_OBJC_WEAK = YES;
				CLANG_WARN_BLOCK_CAPTURE_AUTORELEASING = YES;
				CLANG_WARN_BOOL_CONVERSION = YES;
				CLANG_WARN_COMMA = YES;
				CLANG_WARN_CONSTANT_CONVERSION = YES;
				CLANG_WARN_DEPRECATED_OBJC_IMPLEMENTATIONS = YES;
				CLANG_WARN_DIRECT_OBJC_ISA_USAGE = YES_ERROR;
				CLANG_WARN_DOCUMENTATION_COMMENTS = YES;
				CLANG_WARN_EMPTY_BODY = YES;
				CLANG_WARN_ENUM_CONVERSION = YES;
				CLANG_WARN_INFINITE_RECURSION = YES;
				CLANG_WARN_INT_CONVERSION = YES;
				CLANG_WARN_NON_LITERAL_NULL_CONVERSION = YES;
				CLANG_WARN_OBJC_IMPLICIT_RETAIN_SELF = YES;
				CLANG_WARN_OBJC_LITERAL_CONVERSION = YES;
				CLANG_WARN_OBJC_ROOT_CLASS = YES_ERROR;
				CLANG_WARN_QUOTED_INCLUDE_IN_FRAMEWORK_HEADER = YES;
				CLANG_WARN_RANGE_LOOP_ANALYSIS = YES;
				CLANG_WARN_STRICT_PROTOTYPES = YES;
				CLANG_WARN_SUSPICIOUS_MOVE = YES;
				CLANG_WARN_UNGUARDED_AVAILABILITY = YES_AGGRESSIVE;
				CLANG_WARN_UNREACHABLE_CODE = YES;
				CLANG_WARN__DUPLICATE_METHOD_MATCH = YES;
				COPY_PHASE_STRIP = NO;
				DEBUG_INFORMATION_FORMAT = "dwarf-with-dsym";
				ENABLE_NS_ASSERTIONS = NO;
				ENABLE_STRICT_OBJC_MSGSEND = YES;
				ENABLE_USER_SCRIPT_SANDBOXING = YES;
				GCC_C_LANGUAGE_STANDARD = gnu17;
				GCC_NO_COMMON_BLOCKS = YES;
				GCC_WARN_64_TO_32_BIT_CONVERSION = YES;
				GCC_WARN_ABOUT_RETURN_TYPE = YES_ERROR;
				GCC_WARN_UNDECLARED_SELECTOR = YES;
				GCC_WARN_UNINITIALIZED_AUTOS = YES_AGGRESSIVE;
				GCC_WARN_UNUSED_FUNCTION = YES;
				GCC_WARN_UNUSED_VARIABLE = YES;
				IPHONEOS_DEPLOYMENT_TARGET = 17.0;
				LOCALIZATION_PREFERS_STRING_CATALOGS = YES;
				MTL_ENABLE_DEBUG_INFO = NO;
				MTL_FAST_MATH = YES;
				SDKROOT = iphoneos;
				SWIFT_COMPILATION_MODE = wholemodule;
				VALIDATE_PRODUCT = YES;
			};
			name = Release;
		};
		83BB3D6A2AE3E78200300A56 /* Debug */ = {
			isa = XCBuildConfiguration;
			buildSettings = {
				ASSETCATALOG_COMPILER_APPICON_NAME = AppIcon;
				ASSETCATALOG_COMPILER_GLOBAL_ACCENT_COLOR_NAME = AccentColor;
				CODE_SIGN_STYLE = Automatic;
				CURRENT_PROJECT_VERSION = 1;
				DEVELOPMENT_ASSET_PATHS = "\"Segrebox/Preview Content\"";
				DEVELOPMENT_TEAM = 3SC4Z3N76K;
				ENABLE_PREVIEWS = YES;
				GENERATE_INFOPLIST_FILE = YES;
				INFOPLIST_FILE = Segrebox/Info.plist;
				INFOPLIST_KEY_NSLocationWhenInUseUsageDescription = "";
				INFOPLIST_KEY_UIApplicationSceneManifest_Generation = YES;
				INFOPLIST_KEY_UIApplicationSupportsIndirectInputEvents = YES;
				INFOPLIST_KEY_UILaunchScreen_Generation = YES;
				INFOPLIST_KEY_UISupportedInterfaceOrientations = "UIInterfaceOrientationLandscapeLeft UIInterfaceOrientationLandscapeRight UIInterfaceOrientationPortrait";
				INFOPLIST_KEY_UISupportedInterfaceOrientations_iPad = "UIInterfaceOrientationLandscapeLeft UIInterfaceOrientationLandscapeRight";
				IPHONEOS_DEPLOYMENT_TARGET = 17.0;
				LD_RUNPATH_SEARCH_PATHS = (
					"$(inherited)",
					"@executable_path/Frameworks",
				);
				MARKETING_VERSION = 1.0;
				PRODUCT_BUNDLE_IDENTIFIER = rjg.Segrebox;
				PRODUCT_NAME = "$(TARGET_NAME)";
				SWIFT_EMIT_LOC_STRINGS = YES;
				SWIFT_VERSION = 5.0;
				TARGETED_DEVICE_FAMILY = "1,2";
			};
			name = Debug;
		};
		83BB3D6B2AE3E78200300A56 /* Release */ = {
			isa = XCBuildConfiguration;
			buildSettings = {
				ASSETCATALOG_COMPILER_APPICON_NAME = AppIcon;
				ASSETCATALOG_COMPILER_GLOBAL_ACCENT_COLOR_NAME = AccentColor;
				CODE_SIGN_STYLE = Automatic;
				CURRENT_PROJECT_VERSION = 1;
				DEVELOPMENT_ASSET_PATHS = "\"Segrebox/Preview Content\"";
				DEVELOPMENT_TEAM = 3SC4Z3N76K;
				ENABLE_PREVIEWS = YES;
				GENERATE_INFOPLIST_FILE = YES;
				INFOPLIST_FILE = Segrebox/Info.plist;
				INFOPLIST_KEY_NSLocationWhenInUseUsageDescription = "";
				INFOPLIST_KEY_UIApplicationSceneManifest_Generation = YES;
				INFOPLIST_KEY_UIApplicationSupportsIndirectInputEvents = YES;
				INFOPLIST_KEY_UILaunchScreen_Generation = YES;
				INFOPLIST_KEY_UISupportedInterfaceOrientations = "UIInterfaceOrientationLandscapeLeft UIInterfaceOrientationLandscapeRight UIInterfaceOrientationPortrait";
				INFOPLIST_KEY_UISupportedInterfaceOrientations_iPad = "UIInterfaceOrientationLandscapeLeft UIInterfaceOrientationLandscapeRight";
				IPHONEOS_DEPLOYMENT_TARGET = 17.0;
				LD_RUNPATH_SEARCH_PATHS = (
					"$(inherited)",
					"@executable_path/Frameworks",
				);
				MARKETING_VERSION = 1.0;
				PRODUCT_BUNDLE_IDENTIFIER = rjg.Segrebox;
				PRODUCT_NAME = "$(TARGET_NAME)";
				SWIFT_EMIT_LOC_STRINGS = YES;
				SWIFT_VERSION = 5.0;
				TARGETED_DEVICE_FAMILY = "1,2";
			};
			name = Release;
		};
/* End XCBuildConfiguration section */

/* Begin XCConfigurationList section */
		83BB3D562AE3E77F00300A56 /* Build configuration list for PBXProject "Segrebox" */ = {
			isa = XCConfigurationList;
			buildConfigurations = (
				83BB3D672AE3E78200300A56 /* Debug */,
				83BB3D682AE3E78200300A56 /* Release */,
			);
			defaultConfigurationIsVisible = 0;
			defaultConfigurationName = Release;
		};
		83BB3D692AE3E78200300A56 /* Build configuration list for PBXNativeTarget "Segrebox" */ = {
			isa = XCConfigurationList;
			buildConfigurations = (
				83BB3D6A2AE3E78200300A56 /* Debug */,
				83BB3D6B2AE3E78200300A56 /* Release */,
			);
			defaultConfigurationIsVisible = 0;
			defaultConfigurationName = Release;
		};
/* End XCConfigurationList section */

/* Begin XCRemoteSwiftPackageReference section */
		43D8CCE52AEF771C003938F0 /* XCRemoteSwiftPackageReference "firebase-ios-sdk" */ = {
			isa = XCRemoteSwiftPackageReference;
			repositoryURL = "https://github.com/firebase/firebase-ios-sdk";
			requirement = {
				kind = upToNextMajorVersion;
				minimumVersion = 10.16.0;
			};
		};
/* End XCRemoteSwiftPackageReference section */

/* Begin XCSwiftPackageProductDependency section */
		43D8CCF22AEF771C003938F0 /* FirebaseAuth */ = {
			isa = XCSwiftPackageProductDependency;
			package = 43D8CCE52AEF771C003938F0 /* XCRemoteSwiftPackageReference "firebase-ios-sdk" */;
			productName = FirebaseAuth;
		};
		43D8CCFE2AEF771C003938F0 /* FirebaseFirestore */ = {
			isa = XCSwiftPackageProductDependency;
			package = 43D8CCE52AEF771C003938F0 /* XCRemoteSwiftPackageReference "firebase-ios-sdk" */;
			productName = FirebaseFirestore;
		};
		43D8CD022AEF771C003938F0 /* FirebaseFirestoreSwift */ = {
			isa = XCSwiftPackageProductDependency;
			package = 43D8CCE52AEF771C003938F0 /* XCRemoteSwiftPackageReference "firebase-ios-sdk" */;
			productName = FirebaseFirestoreSwift;
		};
		43D8CD182AEF771C003938F0 /* FirebaseStorage */ = {
			isa = XCSwiftPackageProductDependency;
			package = 43D8CCE52AEF771C003938F0 /* XCRemoteSwiftPackageReference "firebase-ios-sdk" */;
			productName = FirebaseStorage;
		};
		43D8CD282AEF7A2D003938F0 /* FirebaseAuth */ = {
			isa = XCSwiftPackageProductDependency;
			package = 43D8CCE52AEF771C003938F0 /* XCRemoteSwiftPackageReference "firebase-ios-sdk" */;
			productName = FirebaseAuth;
		};
		43D8CD342AEF7A2D003938F0 /* FirebaseFirestore */ = {
			isa = XCSwiftPackageProductDependency;
			package = 43D8CCE52AEF771C003938F0 /* XCRemoteSwiftPackageReference "firebase-ios-sdk" */;
			productName = FirebaseFirestore;
		};
		43D8CD382AEF7A2D003938F0 /* FirebaseFirestoreSwift */ = {
			isa = XCSwiftPackageProductDependency;
			package = 43D8CCE52AEF771C003938F0 /* XCRemoteSwiftPackageReference "firebase-ios-sdk" */;
			productName = FirebaseFirestoreSwift;
		};
		43D8CD4E2AEF7A2D003938F0 /* FirebaseStorage */ = {
			isa = XCSwiftPackageProductDependency;
			package = 43D8CCE52AEF771C003938F0 /* XCRemoteSwiftPackageReference "firebase-ios-sdk" */;
			productName = FirebaseStorage;
		};
/* End XCSwiftPackageProductDependency section */
	};
	rootObject = 83BB3D532AE3E77F00300A56 /* Project object */;
}
