// !$*UTF8*$!
{
	archiveVersion = 1;
	classes = {
	};
	objectVersion = 56;
	objects = {

/* Begin PBXBuildFile section */
		432BD4782B050D1D0036FAF0 /* NotificationCardComponent.swift in Sources */ = {isa = PBXBuildFile; fileRef = 432BD4772B050D1D0036FAF0 /* NotificationCardComponent.swift */; };
		4371EFE92B0772FC002B1643 /* SettingsView.swift in Sources */ = {isa = PBXBuildFile; fileRef = 4371EFE82B0772FC002B1643 /* SettingsView.swift */; };
		4371EFEB2B09DBD3002B1643 /* ProfileView.swift in Sources */ = {isa = PBXBuildFile; fileRef = 4371EFEA2B09DBD3002B1643 /* ProfileView.swift */; };
		4371EFED2B0A3541002B1643 /* LanguageButtonComponent.swift in Sources */ = {isa = PBXBuildFile; fileRef = 4371EFEC2B0A3541002B1643 /* LanguageButtonComponent.swift */; };
		43CC816C2B046B26004DAF74 /* DateExtension.swift in Sources */ = {isa = PBXBuildFile; fileRef = 43CC81172B046B26004DAF74 /* DateExtension.swift */; };
		43CC816D2B046B26004DAF74 /* Assets.xcassets in Resources */ = {isa = PBXBuildFile; fileRef = 43CC81192B046B26004DAF74 /* Assets.xcassets */; };
		43CC816E2B046B26004DAF74 /* ImagePicker.swift in Sources */ = {isa = PBXBuildFile; fileRef = 43CC811C2B046B26004DAF74 /* ImagePicker.swift */; };
		43CC816F2B046B26004DAF74 /* ImageSaver.swift in Sources */ = {isa = PBXBuildFile; fileRef = 43CC811D2B046B26004DAF74 /* ImageSaver.swift */; };
		43CC81702B046B26004DAF74 /* EventManager.swift in Sources */ = {isa = PBXBuildFile; fileRef = 43CC811F2B046B26004DAF74 /* EventManager.swift */; };
		43CC81712B046B26004DAF74 /* StorageManager.swift in Sources */ = {isa = PBXBuildFile; fileRef = 43CC81202B046B26004DAF74 /* StorageManager.swift */; };
		43CC81722B046B26004DAF74 /* TrashBinManager.swift in Sources */ = {isa = PBXBuildFile; fileRef = 43CC81212B046B26004DAF74 /* TrashBinManager.swift */; };
		43CC81732B046B26004DAF74 /* AuthenticationManager.swift in Sources */ = {isa = PBXBuildFile; fileRef = 43CC81222B046B26004DAF74 /* AuthenticationManager.swift */; };
		43CC81762B046B26004DAF74 /* CenterHorizontalView.swift in Sources */ = {isa = PBXBuildFile; fileRef = 43CC81292B046B26004DAF74 /* CenterHorizontalView.swift */; };
		43CC81772B046B26004DAF74 /* TestNavigationView.swift in Sources */ = {isa = PBXBuildFile; fileRef = 43CC812A2B046B26004DAF74 /* TestNavigationView.swift */; };
		43CC81782B046B26004DAF74 /* RootView.swift in Sources */ = {isa = PBXBuildFile; fileRef = 43CC812B2B046B26004DAF74 /* RootView.swift */; };
		43CC81792B046B26004DAF74 /* Alerts.swift in Sources */ = {isa = PBXBuildFile; fileRef = 43CC812C2B046B26004DAF74 /* Alerts.swift */; };
		43CC817A2B046B26004DAF74 /* Images.swift in Sources */ = {isa = PBXBuildFile; fileRef = 43CC812D2B046B26004DAF74 /* Images.swift */; };
		43CC817B2B046B26004DAF74 /* Colors.swift in Sources */ = {isa = PBXBuildFile; fileRef = 43CC812E2B046B26004DAF74 /* Colors.swift */; };
		43CC817C2B046B26004DAF74 /* PlusJakartaSans-SemiBold.ttf in Resources */ = {isa = PBXBuildFile; fileRef = 43CC81302B046B26004DAF74 /* PlusJakartaSans-SemiBold.ttf */; };
		43CC817D2B046B26004DAF74 /* PlusJakartaSans-Regular.ttf in Resources */ = {isa = PBXBuildFile; fileRef = 43CC81312B046B26004DAF74 /* PlusJakartaSans-Regular.ttf */; };
		43CC817E2B046B26004DAF74 /* Fonts.swift in Sources */ = {isa = PBXBuildFile; fileRef = 43CC81322B046B26004DAF74 /* Fonts.swift */; };
		43CC817F2B046B26004DAF74 /* PlusJakartaSans-Bold.ttf in Resources */ = {isa = PBXBuildFile; fileRef = 43CC81332B046B26004DAF74 /* PlusJakartaSans-Bold.ttf */; };
		43CC81802B046B26004DAF74 /* PlusJakartaSans-Italic.ttf in Resources */ = {isa = PBXBuildFile; fileRef = 43CC81342B046B26004DAF74 /* PlusJakartaSans-Italic.ttf */; };
		43CC81812B046B26004DAF74 /* DashboardViewModel.swift in Sources */ = {isa = PBXBuildFile; fileRef = 43CC81382B046B26004DAF74 /* DashboardViewModel.swift */; };
		43CC81822B046B26004DAF74 /* StatusComponent.swift in Sources */ = {isa = PBXBuildFile; fileRef = 43CC813B2B046B26004DAF74 /* StatusComponent.swift */; };
		43CC81832B046B26004DAF74 /* SecondaryButtonComponent.swift in Sources */ = {isa = PBXBuildFile; fileRef = 43CC813C2B046B26004DAF74 /* SecondaryButtonComponent.swift */; };
		43CC81842B046B26004DAF74 /* EventCardComponent.swift in Sources */ = {isa = PBXBuildFile; fileRef = 43CC813D2B046B26004DAF74 /* EventCardComponent.swift */; };
		43CC81852B046B26004DAF74 /* DashboardView.swift in Sources */ = {isa = PBXBuildFile; fileRef = 43CC813F2B046B26004DAF74 /* DashboardView.swift */; };
		43CC81862B046B26004DAF74 /* AuthenticationViewModel.swift in Sources */ = {isa = PBXBuildFile; fileRef = 43CC81422B046B26004DAF74 /* AuthenticationViewModel.swift */; };
		43CC81872B046B26004DAF74 /* UserModel.swift in Sources */ = {isa = PBXBuildFile; fileRef = 43CC81442B046B26004DAF74 /* UserModel.swift */; };
		43CC81882B046B26004DAF74 /* MainButtonComponent.swift in Sources */ = {isa = PBXBuildFile; fileRef = 43CC81472B046B26004DAF74 /* MainButtonComponent.swift */; };
		43CC81892B046B26004DAF74 /* TextFieldComponent.swift in Sources */ = {isa = PBXBuildFile; fileRef = 43CC81482B046B26004DAF74 /* TextFieldComponent.swift */; };
		43CC818A2B046B26004DAF74 /* LoginView.swift in Sources */ = {isa = PBXBuildFile; fileRef = 43CC814A2B046B26004DAF74 /* LoginView.swift */; };
		43CC818B2B046B26004DAF74 /* RegisterView.swift in Sources */ = {isa = PBXBuildFile; fileRef = 43CC814B2B046B26004DAF74 /* RegisterView.swift */; };
		43CC818C2B046B26004DAF74 /* EventViewModel.swift in Sources */ = {isa = PBXBuildFile; fileRef = 43CC814E2B046B26004DAF74 /* EventViewModel.swift */; };
		43CC818D2B046B26004DAF74 /* TrashBinViewModel.swift in Sources */ = {isa = PBXBuildFile; fileRef = 43CC814F2B046B26004DAF74 /* TrashBinViewModel.swift */; };
		43CC818E2B046B26004DAF74 /* MapViewModel.swift in Sources */ = {isa = PBXBuildFile; fileRef = 43CC81502B046B26004DAF74 /* MapViewModel.swift */; };
		43CC818F2B046B26004DAF74 /* EventModel.swift in Sources */ = {isa = PBXBuildFile; fileRef = 43CC81522B046B26004DAF74 /* EventModel.swift */; };
		43CC81902B046B26004DAF74 /* TrashBinModel.swift in Sources */ = {isa = PBXBuildFile; fileRef = 43CC81532B046B26004DAF74 /* TrashBinModel.swift */; };
		43CC81912B046B26004DAF74 /* Place.swift in Sources */ = {isa = PBXBuildFile; fileRef = 43CC81542B046B26004DAF74 /* Place.swift */; };
		43CC81922B046B26004DAF74 /* MapComponent.swift in Sources */ = {isa = PBXBuildFile; fileRef = 43CC81572B046B26004DAF74 /* MapComponent.swift */; };
		43CC81932B046B26004DAF74 /* BinStatusComponent.swift in Sources */ = {isa = PBXBuildFile; fileRef = 43CC81582B046B26004DAF74 /* BinStatusComponent.swift */; };
		43CC81942B046B26004DAF74 /* BinCardComponent.swift in Sources */ = {isa = PBXBuildFile; fileRef = 43CC81592B046B26004DAF74 /* BinCardComponent.swift */; };
		43CC81952B046B26004DAF74 /* SaveChangesButtonComponent.swift in Sources */ = {isa = PBXBuildFile; fileRef = 43CC815A2B046B26004DAF74 /* SaveChangesButtonComponent.swift */; };
		43CC81962B046B26004DAF74 /* PillShapeFillLevel.swift in Sources */ = {isa = PBXBuildFile; fileRef = 43CC815B2B046B26004DAF74 /* PillShapeFillLevel.swift */; };
		43CC81972B046B26004DAF74 /* CalendarPickerComponent.swift in Sources */ = {isa = PBXBuildFile; fileRef = 43CC815C2B046B26004DAF74 /* CalendarPickerComponent.swift */; };
		43CC81982B046B26004DAF74 /* FillLevelComponent.swift in Sources */ = {isa = PBXBuildFile; fileRef = 43CC815D2B046B26004DAF74 /* FillLevelComponent.swift */; };
		43CC81992B046B26004DAF74 /* TrashbinDetailsView.swift in Sources */ = {isa = PBXBuildFile; fileRef = 43CC815F2B046B26004DAF74 /* TrashbinDetailsView.swift */; };
		43CC819A2B046B26004DAF74 /* AddEventView.swift in Sources */ = {isa = PBXBuildFile; fileRef = 43CC81602B046B26004DAF74 /* AddEventView.swift */; };
		43CC819B2B046B26004DAF74 /* MapView.swift in Sources */ = {isa = PBXBuildFile; fileRef = 43CC81612B046B26004DAF74 /* MapView.swift */; };
		43CC819C2B046B26004DAF74 /* EditEventView.swift in Sources */ = {isa = PBXBuildFile; fileRef = 43CC81622B046B26004DAF74 /* EditEventView.swift */; };
		43CC819D2B046B26004DAF74 /* AddTrashBinView.swift in Sources */ = {isa = PBXBuildFile; fileRef = 43CC81632B046B26004DAF74 /* AddTrashBinView.swift */; };
		43CC819E2B046B26004DAF74 /* EventDetailView.swift in Sources */ = {isa = PBXBuildFile; fileRef = 43CC81642B046B26004DAF74 /* EventDetailView.swift */; };
		43CC81A12B046B26004DAF74 /* Preview Assets.xcassets in Resources */ = {isa = PBXBuildFile; fileRef = 43CC81682B046B26004DAF74 /* Preview Assets.xcassets */; };
		43CC81A22B046B26004DAF74 /* MemilahApp.swift in Sources */ = {isa = PBXBuildFile; fileRef = 43CC816A2B046B26004DAF74 /* MemilahApp.swift */; };
		43CC81A82B047074004DAF74 /* GoogleService-Info.plist in Resources */ = {isa = PBXBuildFile; fileRef = 43CC81A72B047074004DAF74 /* GoogleService-Info.plist */; };
		43D8CCF32AEF771C003938F0 /* FirebaseAuth in Frameworks */ = {isa = PBXBuildFile; productRef = 43D8CCF22AEF771C003938F0 /* FirebaseAuth */; };
		43D8CCFF2AEF771C003938F0 /* FirebaseFirestore in Frameworks */ = {isa = PBXBuildFile; productRef = 43D8CCFE2AEF771C003938F0 /* FirebaseFirestore */; };
		43D8CD032AEF771C003938F0 /* FirebaseFirestoreSwift in Frameworks */ = {isa = PBXBuildFile; productRef = 43D8CD022AEF771C003938F0 /* FirebaseFirestoreSwift */; };
		43D8CD192AEF771C003938F0 /* FirebaseStorage in Frameworks */ = {isa = PBXBuildFile; productRef = 43D8CD182AEF771C003938F0 /* FirebaseStorage */; };
		43D8CD292AEF7A2D003938F0 /* FirebaseAuth in Frameworks */ = {isa = PBXBuildFile; productRef = 43D8CD282AEF7A2D003938F0 /* FirebaseAuth */; };
		43D8CD352AEF7A2D003938F0 /* FirebaseFirestore in Frameworks */ = {isa = PBXBuildFile; productRef = 43D8CD342AEF7A2D003938F0 /* FirebaseFirestore */; };
		43D8CD392AEF7A2D003938F0 /* FirebaseFirestoreSwift in Frameworks */ = {isa = PBXBuildFile; productRef = 43D8CD382AEF7A2D003938F0 /* FirebaseFirestoreSwift */; };
		43D8CD4F2AEF7A2D003938F0 /* FirebaseStorage in Frameworks */ = {isa = PBXBuildFile; productRef = 43D8CD4E2AEF7A2D003938F0 /* FirebaseStorage */; };
		F64A5FF02B050DD800CDE71C /* NotificationView.swift in Sources */ = {isa = PBXBuildFile; fileRef = F64A5FEF2B050DD800CDE71C /* NotificationView.swift */; };
		F6A8C7E82B0DF66300539E30 /* SimpleToast in Frameworks */ = {isa = PBXBuildFile; productRef = F6A8C7E72B0DF66300539E30 /* SimpleToast */; };
/* End PBXBuildFile section */

/* Begin PBXFileReference section */
		432BD4772B050D1D0036FAF0 /* NotificationCardComponent.swift */ = {isa = PBXFileReference; fileEncoding = 4; lastKnownFileType = sourcecode.swift; path = NotificationCardComponent.swift; sourceTree = "<group>"; };
		4371EFE82B0772FC002B1643 /* SettingsView.swift */ = {isa = PBXFileReference; lastKnownFileType = sourcecode.swift; path = SettingsView.swift; sourceTree = "<group>"; };
		4371EFEA2B09DBD3002B1643 /* ProfileView.swift */ = {isa = PBXFileReference; fileEncoding = 4; lastKnownFileType = sourcecode.swift; path = ProfileView.swift; sourceTree = "<group>"; };
		4371EFEC2B0A3541002B1643 /* LanguageButtonComponent.swift */ = {isa = PBXFileReference; lastKnownFileType = sourcecode.swift; path = LanguageButtonComponent.swift; sourceTree = "<group>"; };
		43CC81172B046B26004DAF74 /* DateExtension.swift */ = {isa = PBXFileReference; fileEncoding = 4; lastKnownFileType = sourcecode.swift; path = DateExtension.swift; sourceTree = "<group>"; };
		43CC81192B046B26004DAF74 /* Assets.xcassets */ = {isa = PBXFileReference; lastKnownFileType = folder.assetcatalog; path = Assets.xcassets; sourceTree = "<group>"; };
		43CC811C2B046B26004DAF74 /* ImagePicker.swift */ = {isa = PBXFileReference; fileEncoding = 4; lastKnownFileType = sourcecode.swift; path = ImagePicker.swift; sourceTree = "<group>"; };
		43CC811D2B046B26004DAF74 /* ImageSaver.swift */ = {isa = PBXFileReference; fileEncoding = 4; lastKnownFileType = sourcecode.swift; path = ImageSaver.swift; sourceTree = "<group>"; };
		43CC811F2B046B26004DAF74 /* EventManager.swift */ = {isa = PBXFileReference; fileEncoding = 4; lastKnownFileType = sourcecode.swift; path = EventManager.swift; sourceTree = "<group>"; };
		43CC81202B046B26004DAF74 /* StorageManager.swift */ = {isa = PBXFileReference; fileEncoding = 4; lastKnownFileType = sourcecode.swift; path = StorageManager.swift; sourceTree = "<group>"; };
		43CC81212B046B26004DAF74 /* TrashBinManager.swift */ = {isa = PBXFileReference; fileEncoding = 4; lastKnownFileType = sourcecode.swift; path = TrashBinManager.swift; sourceTree = "<group>"; };
		43CC81222B046B26004DAF74 /* AuthenticationManager.swift */ = {isa = PBXFileReference; fileEncoding = 4; lastKnownFileType = sourcecode.swift; path = AuthenticationManager.swift; sourceTree = "<group>"; };
		43CC81292B046B26004DAF74 /* CenterHorizontalView.swift */ = {isa = PBXFileReference; fileEncoding = 4; lastKnownFileType = sourcecode.swift; path = CenterHorizontalView.swift; sourceTree = "<group>"; };
		43CC812A2B046B26004DAF74 /* TestNavigationView.swift */ = {isa = PBXFileReference; fileEncoding = 4; lastKnownFileType = sourcecode.swift; path = TestNavigationView.swift; sourceTree = "<group>"; };
		43CC812B2B046B26004DAF74 /* RootView.swift */ = {isa = PBXFileReference; fileEncoding = 4; lastKnownFileType = sourcecode.swift; path = RootView.swift; sourceTree = "<group>"; };
		43CC812C2B046B26004DAF74 /* Alerts.swift */ = {isa = PBXFileReference; fileEncoding = 4; lastKnownFileType = sourcecode.swift; path = Alerts.swift; sourceTree = "<group>"; };
		43CC812D2B046B26004DAF74 /* Images.swift */ = {isa = PBXFileReference; fileEncoding = 4; lastKnownFileType = sourcecode.swift; path = Images.swift; sourceTree = "<group>"; };
		43CC812E2B046B26004DAF74 /* Colors.swift */ = {isa = PBXFileReference; fileEncoding = 4; lastKnownFileType = sourcecode.swift; path = Colors.swift; sourceTree = "<group>"; };
		43CC81302B046B26004DAF74 /* PlusJakartaSans-SemiBold.ttf */ = {isa = PBXFileReference; lastKnownFileType = file; path = "PlusJakartaSans-SemiBold.ttf"; sourceTree = "<group>"; };
		43CC81312B046B26004DAF74 /* PlusJakartaSans-Regular.ttf */ = {isa = PBXFileReference; lastKnownFileType = file; path = "PlusJakartaSans-Regular.ttf"; sourceTree = "<group>"; };
		43CC81322B046B26004DAF74 /* Fonts.swift */ = {isa = PBXFileReference; fileEncoding = 4; lastKnownFileType = sourcecode.swift; path = Fonts.swift; sourceTree = "<group>"; };
		43CC81332B046B26004DAF74 /* PlusJakartaSans-Bold.ttf */ = {isa = PBXFileReference; lastKnownFileType = file; path = "PlusJakartaSans-Bold.ttf"; sourceTree = "<group>"; };
		43CC81342B046B26004DAF74 /* PlusJakartaSans-Italic.ttf */ = {isa = PBXFileReference; lastKnownFileType = file; path = "PlusJakartaSans-Italic.ttf"; sourceTree = "<group>"; };
		43CC81382B046B26004DAF74 /* DashboardViewModel.swift */ = {isa = PBXFileReference; fileEncoding = 4; lastKnownFileType = sourcecode.swift; path = DashboardViewModel.swift; sourceTree = "<group>"; };
		43CC813B2B046B26004DAF74 /* StatusComponent.swift */ = {isa = PBXFileReference; fileEncoding = 4; lastKnownFileType = sourcecode.swift; path = StatusComponent.swift; sourceTree = "<group>"; };
		43CC813C2B046B26004DAF74 /* SecondaryButtonComponent.swift */ = {isa = PBXFileReference; fileEncoding = 4; lastKnownFileType = sourcecode.swift; path = SecondaryButtonComponent.swift; sourceTree = "<group>"; };
		43CC813D2B046B26004DAF74 /* EventCardComponent.swift */ = {isa = PBXFileReference; fileEncoding = 4; lastKnownFileType = sourcecode.swift; path = EventCardComponent.swift; sourceTree = "<group>"; };
		43CC813F2B046B26004DAF74 /* DashboardView.swift */ = {isa = PBXFileReference; fileEncoding = 4; lastKnownFileType = sourcecode.swift; path = DashboardView.swift; sourceTree = "<group>"; };
		43CC81422B046B26004DAF74 /* AuthenticationViewModel.swift */ = {isa = PBXFileReference; fileEncoding = 4; lastKnownFileType = sourcecode.swift; path = AuthenticationViewModel.swift; sourceTree = "<group>"; };
		43CC81442B046B26004DAF74 /* UserModel.swift */ = {isa = PBXFileReference; fileEncoding = 4; lastKnownFileType = sourcecode.swift; path = UserModel.swift; sourceTree = "<group>"; };
		43CC81472B046B26004DAF74 /* MainButtonComponent.swift */ = {isa = PBXFileReference; fileEncoding = 4; lastKnownFileType = sourcecode.swift; path = MainButtonComponent.swift; sourceTree = "<group>"; };
		43CC81482B046B26004DAF74 /* TextFieldComponent.swift */ = {isa = PBXFileReference; fileEncoding = 4; lastKnownFileType = sourcecode.swift; path = TextFieldComponent.swift; sourceTree = "<group>"; };
		43CC814A2B046B26004DAF74 /* LoginView.swift */ = {isa = PBXFileReference; fileEncoding = 4; lastKnownFileType = sourcecode.swift; path = LoginView.swift; sourceTree = "<group>"; };
		43CC814B2B046B26004DAF74 /* RegisterView.swift */ = {isa = PBXFileReference; fileEncoding = 4; lastKnownFileType = sourcecode.swift; path = RegisterView.swift; sourceTree = "<group>"; };
		43CC814E2B046B26004DAF74 /* EventViewModel.swift */ = {isa = PBXFileReference; fileEncoding = 4; lastKnownFileType = sourcecode.swift; path = EventViewModel.swift; sourceTree = "<group>"; };
		43CC814F2B046B26004DAF74 /* TrashBinViewModel.swift */ = {isa = PBXFileReference; fileEncoding = 4; lastKnownFileType = sourcecode.swift; path = TrashBinViewModel.swift; sourceTree = "<group>"; };
		43CC81502B046B26004DAF74 /* MapViewModel.swift */ = {isa = PBXFileReference; fileEncoding = 4; lastKnownFileType = sourcecode.swift; path = MapViewModel.swift; sourceTree = "<group>"; };
		43CC81522B046B26004DAF74 /* EventModel.swift */ = {isa = PBXFileReference; fileEncoding = 4; lastKnownFileType = sourcecode.swift; path = EventModel.swift; sourceTree = "<group>"; };
		43CC81532B046B26004DAF74 /* TrashBinModel.swift */ = {isa = PBXFileReference; fileEncoding = 4; lastKnownFileType = sourcecode.swift; path = TrashBinModel.swift; sourceTree = "<group>"; };
		43CC81542B046B26004DAF74 /* Place.swift */ = {isa = PBXFileReference; fileEncoding = 4; lastKnownFileType = sourcecode.swift; path = Place.swift; sourceTree = "<group>"; };
		43CC81572B046B26004DAF74 /* MapComponent.swift */ = {isa = PBXFileReference; fileEncoding = 4; lastKnownFileType = sourcecode.swift; path = MapComponent.swift; sourceTree = "<group>"; };
		43CC81582B046B26004DAF74 /* BinStatusComponent.swift */ = {isa = PBXFileReference; fileEncoding = 4; lastKnownFileType = sourcecode.swift; path = BinStatusComponent.swift; sourceTree = "<group>"; };
		43CC81592B046B26004DAF74 /* BinCardComponent.swift */ = {isa = PBXFileReference; fileEncoding = 4; lastKnownFileType = sourcecode.swift; path = BinCardComponent.swift; sourceTree = "<group>"; };
		43CC815A2B046B26004DAF74 /* SaveChangesButtonComponent.swift */ = {isa = PBXFileReference; fileEncoding = 4; lastKnownFileType = sourcecode.swift; path = SaveChangesButtonComponent.swift; sourceTree = "<group>"; };
		43CC815B2B046B26004DAF74 /* PillShapeFillLevel.swift */ = {isa = PBXFileReference; fileEncoding = 4; lastKnownFileType = sourcecode.swift; path = PillShapeFillLevel.swift; sourceTree = "<group>"; };
		43CC815C2B046B26004DAF74 /* CalendarPickerComponent.swift */ = {isa = PBXFileReference; fileEncoding = 4; lastKnownFileType = sourcecode.swift; path = CalendarPickerComponent.swift; sourceTree = "<group>"; };
		43CC815D2B046B26004DAF74 /* FillLevelComponent.swift */ = {isa = PBXFileReference; fileEncoding = 4; lastKnownFileType = sourcecode.swift; path = FillLevelComponent.swift; sourceTree = "<group>"; };
		43CC815F2B046B26004DAF74 /* TrashbinDetailsView.swift */ = {isa = PBXFileReference; fileEncoding = 4; lastKnownFileType = sourcecode.swift; path = TrashbinDetailsView.swift; sourceTree = "<group>"; };
		43CC81602B046B26004DAF74 /* AddEventView.swift */ = {isa = PBXFileReference; fileEncoding = 4; lastKnownFileType = sourcecode.swift; path = AddEventView.swift; sourceTree = "<group>"; };
		43CC81612B046B26004DAF74 /* MapView.swift */ = {isa = PBXFileReference; fileEncoding = 4; lastKnownFileType = sourcecode.swift; path = MapView.swift; sourceTree = "<group>"; };
		43CC81622B046B26004DAF74 /* EditEventView.swift */ = {isa = PBXFileReference; fileEncoding = 4; lastKnownFileType = sourcecode.swift; path = EditEventView.swift; sourceTree = "<group>"; };
		43CC81632B046B26004DAF74 /* AddTrashBinView.swift */ = {isa = PBXFileReference; fileEncoding = 4; lastKnownFileType = sourcecode.swift; path = AddTrashBinView.swift; sourceTree = "<group>"; };
		43CC81642B046B26004DAF74 /* EventDetailView.swift */ = {isa = PBXFileReference; fileEncoding = 4; lastKnownFileType = sourcecode.swift; path = EventDetailView.swift; sourceTree = "<group>"; };
		43CC81682B046B26004DAF74 /* Preview Assets.xcassets */ = {isa = PBXFileReference; lastKnownFileType = folder.assetcatalog; path = "Preview Assets.xcassets"; sourceTree = "<group>"; };
		43CC816A2B046B26004DAF74 /* MemilahApp.swift */ = {isa = PBXFileReference; fileEncoding = 4; lastKnownFileType = sourcecode.swift; path = MemilahApp.swift; sourceTree = "<group>"; };
		43CC816B2B046B26004DAF74 /* Info.plist */ = {isa = PBXFileReference; fileEncoding = 4; lastKnownFileType = text.plist.xml; path = Info.plist; sourceTree = "<group>"; };
		43CC81A72B047074004DAF74 /* GoogleService-Info.plist */ = {isa = PBXFileReference; fileEncoding = 4; lastKnownFileType = text.plist.xml; path = "GoogleService-Info.plist"; sourceTree = "<group>"; };
		83BB3D5B2AE3E77F00300A56 /* Memilah.app */ = {isa = PBXFileReference; explicitFileType = wrapper.application; includeInIndex = 0; path = Memilah.app; sourceTree = BUILT_PRODUCTS_DIR; };
		F64A5FEF2B050DD800CDE71C /* NotificationView.swift */ = {isa = PBXFileReference; lastKnownFileType = sourcecode.swift; path = NotificationView.swift; sourceTree = "<group>"; };
/* End PBXFileReference section */

/* Begin PBXFrameworksBuildPhase section */
		83BB3D582AE3E77F00300A56 /* Frameworks */ = {
			isa = PBXFrameworksBuildPhase;
			buildActionMask = 2147483647;
			files = (
				43D8CCFF2AEF771C003938F0 /* FirebaseFirestore in Frameworks */,
				43D8CD032AEF771C003938F0 /* FirebaseFirestoreSwift in Frameworks */,
				43D8CCF32AEF771C003938F0 /* FirebaseAuth in Frameworks */,
				43D8CD352AEF7A2D003938F0 /* FirebaseFirestore in Frameworks */,
				F6A8C7E82B0DF66300539E30 /* SimpleToast in Frameworks */,
				43D8CD392AEF7A2D003938F0 /* FirebaseFirestoreSwift in Frameworks */,
				43D8CD4F2AEF7A2D003938F0 /* FirebaseStorage in Frameworks */,
				43D8CD292AEF7A2D003938F0 /* FirebaseAuth in Frameworks */,
				43D8CD192AEF771C003938F0 /* FirebaseStorage in Frameworks */,
			);
			runOnlyForDeploymentPostprocessing = 0;
		};
/* End PBXFrameworksBuildPhase section */

/* Begin PBXGroup section */
		432BD4742B050D1D0036FAF0 /* Notification */ = {
			isa = PBXGroup;
			children = (
				F64A5FF12B050FCF00CDE71C /* ViewModels */,
				432BD4752B050D1D0036FAF0 /* Presenters */,
			);
			path = Notification;
			sourceTree = "<group>";
		};
		432BD4752B050D1D0036FAF0 /* Presenters */ = {
			isa = PBXGroup;
			children = (
				F64A5FEE2B050D9300CDE71C /* Components */,
				432BD4762B050D1D0036FAF0 /* Views */,
			);
			path = Presenters;
			sourceTree = "<group>";
		};
		432BD4762B050D1D0036FAF0 /* Views */ = {
			isa = PBXGroup;
			children = (
				F64A5FEF2B050DD800CDE71C /* NotificationView.swift */,
			);
			path = Views;
			sourceTree = "<group>";
		};
		43CC81142B046B26004DAF74 /* Memilah */ = {
			isa = PBXGroup;
			children = (
				43CC81152B046B26004DAF74 /* Core */,
				43CC81352B046B26004DAF74 /* Features */,
				43CC81672B046B26004DAF74 /* Preview Content */,
				43CC81692B046B26004DAF74 /* Application */,
				43CC816B2B046B26004DAF74 /* Info.plist */,
			);
			path = Memilah;
			sourceTree = "<group>";
		};
		43CC81152B046B26004DAF74 /* Core */ = {
			isa = PBXGroup;
			children = (
				43CC81162B046B26004DAF74 /* Extension */,
				43CC81182B046B26004DAF74 /* Resources */,
				43CC811A2B046B26004DAF74 /* Utilities */,
				43CC81242B046B26004DAF74 /* Themes */,
			);
			path = Core;
			sourceTree = "<group>";
		};
		43CC81162B046B26004DAF74 /* Extension */ = {
			isa = PBXGroup;
			children = (
				43CC81172B046B26004DAF74 /* DateExtension.swift */,
			);
			path = Extension;
			sourceTree = "<group>";
		};
		43CC81182B046B26004DAF74 /* Resources */ = {
			isa = PBXGroup;
			children = (
				43CC81192B046B26004DAF74 /* Assets.xcassets */,
			);
			path = Resources;
			sourceTree = "<group>";
		};
		43CC811A2B046B26004DAF74 /* Utilities */ = {
			isa = PBXGroup;
			children = (
				43CC811B2B046B26004DAF74 /* ImageUploader */,
				43CC811E2B046B26004DAF74 /* Firebase */,
			);
			path = Utilities;
			sourceTree = "<group>";
		};
		43CC811B2B046B26004DAF74 /* ImageUploader */ = {
			isa = PBXGroup;
			children = (
				43CC811C2B046B26004DAF74 /* ImagePicker.swift */,
				43CC811D2B046B26004DAF74 /* ImageSaver.swift */,
			);
			path = ImageUploader;
			sourceTree = "<group>";
		};
		43CC811E2B046B26004DAF74 /* Firebase */ = {
			isa = PBXGroup;
			children = (
				43CC81A72B047074004DAF74 /* GoogleService-Info.plist */,
				43CC811F2B046B26004DAF74 /* EventManager.swift */,
				43CC81202B046B26004DAF74 /* StorageManager.swift */,
				43CC81212B046B26004DAF74 /* TrashBinManager.swift */,
				43CC81222B046B26004DAF74 /* AuthenticationManager.swift */,
			);
			path = Firebase;
			sourceTree = "<group>";
		};
		43CC81242B046B26004DAF74 /* Themes */ = {
			isa = PBXGroup;
			children = (
				43CC81252B046B26004DAF74 /* Presenters */,
				43CC812C2B046B26004DAF74 /* Alerts.swift */,
				43CC812D2B046B26004DAF74 /* Images.swift */,
				43CC812E2B046B26004DAF74 /* Colors.swift */,
				43CC812F2B046B26004DAF74 /* Fonts */,
			);
			path = Themes;
			sourceTree = "<group>";
		};
		43CC81252B046B26004DAF74 /* Presenters */ = {
			isa = PBXGroup;
			children = (
				43CC81262B046B26004DAF74 /* Components */,
				43CC81282B046B26004DAF74 /* Views */,
			);
			path = Presenters;
			sourceTree = "<group>";
		};
		43CC81262B046B26004DAF74 /* Components */ = {
			isa = PBXGroup;
			children = (
				43CC81482B046B26004DAF74 /* TextFieldComponent.swift */,
			);
			path = Components;
			sourceTree = "<group>";
		};
		43CC81282B046B26004DAF74 /* Views */ = {
			isa = PBXGroup;
			children = (
				43CC81292B046B26004DAF74 /* CenterHorizontalView.swift */,
				43CC812A2B046B26004DAF74 /* TestNavigationView.swift */,
				43CC812B2B046B26004DAF74 /* RootView.swift */,
			);
			path = Views;
			sourceTree = "<group>";
		};
		43CC812F2B046B26004DAF74 /* Fonts */ = {
			isa = PBXGroup;
			children = (
				43CC81302B046B26004DAF74 /* PlusJakartaSans-SemiBold.ttf */,
				43CC81312B046B26004DAF74 /* PlusJakartaSans-Regular.ttf */,
				43CC81322B046B26004DAF74 /* Fonts.swift */,
				43CC81332B046B26004DAF74 /* PlusJakartaSans-Bold.ttf */,
				43CC81342B046B26004DAF74 /* PlusJakartaSans-Italic.ttf */,
			);
			path = Fonts;
			sourceTree = "<group>";
		};
		43CC81352B046B26004DAF74 /* Features */ = {
			isa = PBXGroup;
			children = (
				432BD4742B050D1D0036FAF0 /* Notification */,
				43CC81362B046B26004DAF74 /* Dashboard */,
				43CC81402B046B26004DAF74 /* Authentication */,
				43CC814C2B046B26004DAF74 /* Event */,
			);
			path = Features;
			sourceTree = "<group>";
		};
		43CC81362B046B26004DAF74 /* Dashboard */ = {
			isa = PBXGroup;
			children = (
				43CC81372B046B26004DAF74 /* ViewModels */,
				43CC81392B046B26004DAF74 /* Presenters */,
			);
			path = Dashboard;
			sourceTree = "<group>";
		};
		43CC81372B046B26004DAF74 /* ViewModels */ = {
			isa = PBXGroup;
			children = (
				43CC81382B046B26004DAF74 /* DashboardViewModel.swift */,
			);
			path = ViewModels;
			sourceTree = "<group>";
		};
		43CC81392B046B26004DAF74 /* Presenters */ = {
			isa = PBXGroup;
			children = (
				43CC813A2B046B26004DAF74 /* Components */,
				43CC813E2B046B26004DAF74 /* Views */,
			);
			path = Presenters;
			sourceTree = "<group>";
		};
		43CC813A2B046B26004DAF74 /* Components */ = {
			isa = PBXGroup;
			children = (
				43CC813B2B046B26004DAF74 /* StatusComponent.swift */,
				43CC813C2B046B26004DAF74 /* SecondaryButtonComponent.swift */,
				43CC813D2B046B26004DAF74 /* EventCardComponent.swift */,
				4371EFEC2B0A3541002B1643 /* LanguageButtonComponent.swift */,
			);
			path = Components;
			sourceTree = "<group>";
		};
		43CC813E2B046B26004DAF74 /* Views */ = {
			isa = PBXGroup;
			children = (
				4371EFEA2B09DBD3002B1643 /* ProfileView.swift */,
				43CC813F2B046B26004DAF74 /* DashboardView.swift */,
				4371EFE82B0772FC002B1643 /* SettingsView.swift */,
			);
			path = Views;
			sourceTree = "<group>";
		};
		43CC81402B046B26004DAF74 /* Authentication */ = {
			isa = PBXGroup;
			children = (
				43CC81412B046B26004DAF74 /* ViewModels */,
				43CC81432B046B26004DAF74 /* Models */,
				43CC81452B046B26004DAF74 /* Presenters */,
			);
			path = Authentication;
			sourceTree = "<group>";
		};
		43CC81412B046B26004DAF74 /* ViewModels */ = {
			isa = PBXGroup;
			children = (
				43CC81422B046B26004DAF74 /* AuthenticationViewModel.swift */,
			);
			path = ViewModels;
			sourceTree = "<group>";
		};
		43CC81432B046B26004DAF74 /* Models */ = {
			isa = PBXGroup;
			children = (
				43CC81442B046B26004DAF74 /* UserModel.swift */,
			);
			path = Models;
			sourceTree = "<group>";
		};
		43CC81452B046B26004DAF74 /* Presenters */ = {
			isa = PBXGroup;
			children = (
				43CC81462B046B26004DAF74 /* Components */,
				43CC81492B046B26004DAF74 /* Views */,
			);
			path = Presenters;
			sourceTree = "<group>";
		};
		43CC81462B046B26004DAF74 /* Components */ = {
			isa = PBXGroup;
			children = (
				43CC81472B046B26004DAF74 /* MainButtonComponent.swift */,
			);
			path = Components;
			sourceTree = "<group>";
		};
		43CC81492B046B26004DAF74 /* Views */ = {
			isa = PBXGroup;
			children = (
				43CC814A2B046B26004DAF74 /* LoginView.swift */,
				43CC814B2B046B26004DAF74 /* RegisterView.swift */,
			);
			path = Views;
			sourceTree = "<group>";
		};
		43CC814C2B046B26004DAF74 /* Event */ = {
			isa = PBXGroup;
			children = (
				43CC814D2B046B26004DAF74 /* ViewModels */,
				43CC81512B046B26004DAF74 /* Models */,
				43CC81552B046B26004DAF74 /* Presenters */,
			);
			path = Event;
			sourceTree = "<group>";
		};
		43CC814D2B046B26004DAF74 /* ViewModels */ = {
			isa = PBXGroup;
			children = (
				43CC814E2B046B26004DAF74 /* EventViewModel.swift */,
				43CC814F2B046B26004DAF74 /* TrashBinViewModel.swift */,
				43CC81502B046B26004DAF74 /* MapViewModel.swift */,
			);
			path = ViewModels;
			sourceTree = "<group>";
		};
		43CC81512B046B26004DAF74 /* Models */ = {
			isa = PBXGroup;
			children = (
				43CC81522B046B26004DAF74 /* EventModel.swift */,
				43CC81532B046B26004DAF74 /* TrashBinModel.swift */,
				43CC81542B046B26004DAF74 /* Place.swift */,
			);
			path = Models;
			sourceTree = "<group>";
		};
		43CC81552B046B26004DAF74 /* Presenters */ = {
			isa = PBXGroup;
			children = (
				43CC81562B046B26004DAF74 /* Components */,
				43CC815E2B046B26004DAF74 /* Views */,
			);
			path = Presenters;
			sourceTree = "<group>";
		};
		43CC81562B046B26004DAF74 /* Components */ = {
			isa = PBXGroup;
			children = (
				43CC81572B046B26004DAF74 /* MapComponent.swift */,
				43CC81582B046B26004DAF74 /* BinStatusComponent.swift */,
				43CC81592B046B26004DAF74 /* BinCardComponent.swift */,
				43CC815A2B046B26004DAF74 /* SaveChangesButtonComponent.swift */,
				43CC815B2B046B26004DAF74 /* PillShapeFillLevel.swift */,
				43CC815C2B046B26004DAF74 /* CalendarPickerComponent.swift */,
				43CC815D2B046B26004DAF74 /* FillLevelComponent.swift */,
			);
			path = Components;
			sourceTree = "<group>";
		};
		43CC815E2B046B26004DAF74 /* Views */ = {
			isa = PBXGroup;
			children = (
				43CC815F2B046B26004DAF74 /* TrashbinDetailsView.swift */,
				43CC81602B046B26004DAF74 /* AddEventView.swift */,
				43CC81612B046B26004DAF74 /* MapView.swift */,
				43CC81622B046B26004DAF74 /* EditEventView.swift */,
				43CC81632B046B26004DAF74 /* AddTrashBinView.swift */,
				43CC81642B046B26004DAF74 /* EventDetailView.swift */,
			);
			path = Views;
			sourceTree = "<group>";
		};
		43CC81672B046B26004DAF74 /* Preview Content */ = {
			isa = PBXGroup;
			children = (
				43CC81682B046B26004DAF74 /* Preview Assets.xcassets */,
			);
			path = "Preview Content";
			sourceTree = "<group>";
		};
		43CC81692B046B26004DAF74 /* Application */ = {
			isa = PBXGroup;
			children = (
				43CC816A2B046B26004DAF74 /* MemilahApp.swift */,
			);
			path = Application;
			sourceTree = "<group>";
		};
		83BB3D522AE3E77F00300A56 = {
			isa = PBXGroup;
			children = (
				43CC81142B046B26004DAF74 /* Memilah */,
				83BB3D5C2AE3E77F00300A56 /* Products */,
			);
			sourceTree = "<group>";
		};
		83BB3D5C2AE3E77F00300A56 /* Products */ = {
			isa = PBXGroup;
			children = (
				83BB3D5B2AE3E77F00300A56 /* Memilah.app */,
			);
			name = Products;
			sourceTree = "<group>";
		};
		F64A5FEE2B050D9300CDE71C /* Components */ = {
			isa = PBXGroup;
			children = (
				432BD4772B050D1D0036FAF0 /* NotificationCardComponent.swift */,
			);
			path = Components;
			sourceTree = "<group>";
		};
		F64A5FF12B050FCF00CDE71C /* ViewModels */ = {
			isa = PBXGroup;
			children = (
			);
			path = ViewModels;
			sourceTree = "<group>";
		};
/* End PBXGroup section */

/* Begin PBXNativeTarget section */
		83BB3D5A2AE3E77F00300A56 /* Memilah */ = {
			isa = PBXNativeTarget;
			buildConfigurationList = 83BB3D692AE3E78200300A56 /* Build configuration list for PBXNativeTarget "Memilah" */;
			buildPhases = (
				83BB3D572AE3E77F00300A56 /* Sources */,
				83BB3D582AE3E77F00300A56 /* Frameworks */,
				83BB3D592AE3E77F00300A56 /* Resources */,
			);
			buildRules = (
			);
			dependencies = (
			);
			name = Memilah;
			packageProductDependencies = (
				43D8CCF22AEF771C003938F0 /* FirebaseAuth */,
				43D8CCFE2AEF771C003938F0 /* FirebaseFirestore */,
				43D8CD022AEF771C003938F0 /* FirebaseFirestoreSwift */,
				43D8CD182AEF771C003938F0 /* FirebaseStorage */,
				43D8CD282AEF7A2D003938F0 /* FirebaseAuth */,
				43D8CD342AEF7A2D003938F0 /* FirebaseFirestore */,
				43D8CD382AEF7A2D003938F0 /* FirebaseFirestoreSwift */,
				43D8CD4E2AEF7A2D003938F0 /* FirebaseStorage */,
				F6A8C7E72B0DF66300539E30 /* SimpleToast */,
			);
			productName = Segrebox;
			productReference = 83BB3D5B2AE3E77F00300A56 /* Memilah.app */;
			productType = "com.apple.product-type.application";
		};
/* End PBXNativeTarget section */

/* Begin PBXProject section */
		83BB3D532AE3E77F00300A56 /* Project object */ = {
			isa = PBXProject;
			attributes = {
				BuildIndependentTargetsInParallel = 1;
				LastSwiftUpdateCheck = 1500;
				LastUpgradeCheck = 1500;
				TargetAttributes = {
					83BB3D5A2AE3E77F00300A56 = {
						CreatedOnToolsVersion = 15.0;
					};
				};
			};
			buildConfigurationList = 83BB3D562AE3E77F00300A56 /* Build configuration list for PBXProject "Memilah" */;
			compatibilityVersion = "Xcode 14.0";
			developmentRegion = en;
			hasScannedForEncodings = 0;
			knownRegions = (
				en,
				Base,
			);
			mainGroup = 83BB3D522AE3E77F00300A56;
			packageReferences = (
				43D8CCE52AEF771C003938F0 /* XCRemoteSwiftPackageReference "firebase-ios-sdk" */,
				F6A8C7E62B0DF66300539E30 /* XCRemoteSwiftPackageReference "SimpleToast" */,
			);
			productRefGroup = 83BB3D5C2AE3E77F00300A56 /* Products */;
			projectDirPath = "";
			projectRoot = "";
			targets = (
				83BB3D5A2AE3E77F00300A56 /* Memilah */,
			);
		};
/* End PBXProject section */

/* Begin PBXResourcesBuildPhase section */
		83BB3D592AE3E77F00300A56 /* Resources */ = {
			isa = PBXResourcesBuildPhase;
			buildActionMask = 2147483647;
			files = (
				43CC81A12B046B26004DAF74 /* Preview Assets.xcassets in Resources */,
				43CC81802B046B26004DAF74 /* PlusJakartaSans-Italic.ttf in Resources */,
				43CC816D2B046B26004DAF74 /* Assets.xcassets in Resources */,
				43CC817F2B046B26004DAF74 /* PlusJakartaSans-Bold.ttf in Resources */,
				43CC817D2B046B26004DAF74 /* PlusJakartaSans-Regular.ttf in Resources */,
				43CC817C2B046B26004DAF74 /* PlusJakartaSans-SemiBold.ttf in Resources */,
				43CC81A82B047074004DAF74 /* GoogleService-Info.plist in Resources */,
			);
			runOnlyForDeploymentPostprocessing = 0;
		};
/* End PBXResourcesBuildPhase section */

/* Begin PBXSourcesBuildPhase section */
		83BB3D572AE3E77F00300A56 /* Sources */ = {
			isa = PBXSourcesBuildPhase;
			buildActionMask = 2147483647;
			files = (
				43CC816C2B046B26004DAF74 /* DateExtension.swift in Sources */,
				43CC817E2B046B26004DAF74 /* Fonts.swift in Sources */,
				43CC816F2B046B26004DAF74 /* ImageSaver.swift in Sources */,
				43CC81732B046B26004DAF74 /* AuthenticationManager.swift in Sources */,
				43CC817B2B046B26004DAF74 /* Colors.swift in Sources */,
				43CC81762B046B26004DAF74 /* CenterHorizontalView.swift in Sources */,
				43CC81822B046B26004DAF74 /* StatusComponent.swift in Sources */,
				43CC819B2B046B26004DAF74 /* MapView.swift in Sources */,
				43CC81892B046B26004DAF74 /* TextFieldComponent.swift in Sources */,
				43CC81992B046B26004DAF74 /* TrashbinDetailsView.swift in Sources */,
				43CC817A2B046B26004DAF74 /* Images.swift in Sources */,
				432BD4782B050D1D0036FAF0 /* NotificationCardComponent.swift in Sources */,
				43CC819C2B046B26004DAF74 /* EditEventView.swift in Sources */,
				43CC81932B046B26004DAF74 /* BinStatusComponent.swift in Sources */,
				4371EFE92B0772FC002B1643 /* SettingsView.swift in Sources */,
				43CC81902B046B26004DAF74 /* TrashBinModel.swift in Sources */,
				43CC81812B046B26004DAF74 /* DashboardViewModel.swift in Sources */,
				43CC81912B046B26004DAF74 /* Place.swift in Sources */,
				43CC81862B046B26004DAF74 /* AuthenticationViewModel.swift in Sources */,
				43CC81982B046B26004DAF74 /* FillLevelComponent.swift in Sources */,
				43CC81872B046B26004DAF74 /* UserModel.swift in Sources */,
				43CC81772B046B26004DAF74 /* TestNavigationView.swift in Sources */,
				43CC818A2B046B26004DAF74 /* LoginView.swift in Sources */,
				43CC81722B046B26004DAF74 /* TrashBinManager.swift in Sources */,
				43CC818B2B046B26004DAF74 /* RegisterView.swift in Sources */,
				43CC81712B046B26004DAF74 /* StorageManager.swift in Sources */,
				4371EFEB2B09DBD3002B1643 /* ProfileView.swift in Sources */,
				4371EFED2B0A3541002B1643 /* LanguageButtonComponent.swift in Sources */,
				43CC818E2B046B26004DAF74 /* MapViewModel.swift in Sources */,
				43CC818D2B046B26004DAF74 /* TrashBinViewModel.swift in Sources */,
				43CC81832B046B26004DAF74 /* SecondaryButtonComponent.swift in Sources */,
				43CC81702B046B26004DAF74 /* EventManager.swift in Sources */,
				43CC818C2B046B26004DAF74 /* EventViewModel.swift in Sources */,
				43CC816E2B046B26004DAF74 /* ImagePicker.swift in Sources */,
				43CC81882B046B26004DAF74 /* MainButtonComponent.swift in Sources */,
				43CC81952B046B26004DAF74 /* SaveChangesButtonComponent.swift in Sources */,
				43CC819A2B046B26004DAF74 /* AddEventView.swift in Sources */,
				43CC81972B046B26004DAF74 /* CalendarPickerComponent.swift in Sources */,
				43CC81A22B046B26004DAF74 /* MemilahApp.swift in Sources */,
				F64A5FF02B050DD800CDE71C /* NotificationView.swift in Sources */,
				43CC819D2B046B26004DAF74 /* AddTrashBinView.swift in Sources */,
				43CC81792B046B26004DAF74 /* Alerts.swift in Sources */,
				43CC81852B046B26004DAF74 /* DashboardView.swift in Sources */,
				43CC81922B046B26004DAF74 /* MapComponent.swift in Sources */,
				43CC81942B046B26004DAF74 /* BinCardComponent.swift in Sources */,
				43CC81842B046B26004DAF74 /* EventCardComponent.swift in Sources */,
				43CC819E2B046B26004DAF74 /* EventDetailView.swift in Sources */,
				43CC818F2B046B26004DAF74 /* EventModel.swift in Sources */,
				43CC81962B046B26004DAF74 /* PillShapeFillLevel.swift in Sources */,
				43CC81782B046B26004DAF74 /* RootView.swift in Sources */,
			);
			runOnlyForDeploymentPostprocessing = 0;
		};
/* End PBXSourcesBuildPhase section */

/* Begin XCBuildConfiguration section */
		83BB3D672AE3E78200300A56 /* Debug */ = {
			isa = XCBuildConfiguration;
			buildSettings = {
				ALWAYS_SEARCH_USER_PATHS = NO;
				ASSETCATALOG_COMPILER_GENERATE_SWIFT_ASSET_SYMBOL_EXTENSIONS = YES;
				CLANG_ANALYZER_NONNULL = YES;
				CLANG_ANALYZER_NUMBER_OBJECT_CONVERSION = YES_AGGRESSIVE;
				CLANG_CXX_LANGUAGE_STANDARD = "gnu++20";
				CLANG_ENABLE_MODULES = YES;
				CLANG_ENABLE_OBJC_ARC = YES;
				CLANG_ENABLE_OBJC_WEAK = YES;
				CLANG_WARN_BLOCK_CAPTURE_AUTORELEASING = YES;
				CLANG_WARN_BOOL_CONVERSION = YES;
				CLANG_WARN_COMMA = YES;
				CLANG_WARN_CONSTANT_CONVERSION = YES;
				CLANG_WARN_DEPRECATED_OBJC_IMPLEMENTATIONS = YES;
				CLANG_WARN_DIRECT_OBJC_ISA_USAGE = YES_ERROR;
				CLANG_WARN_DOCUMENTATION_COMMENTS = YES;
				CLANG_WARN_EMPTY_BODY = YES;
				CLANG_WARN_ENUM_CONVERSION = YES;
				CLANG_WARN_INFINITE_RECURSION = YES;
				CLANG_WARN_INT_CONVERSION = YES;
				CLANG_WARN_NON_LITERAL_NULL_CONVERSION = YES;
				CLANG_WARN_OBJC_IMPLICIT_RETAIN_SELF = YES;
				CLANG_WARN_OBJC_LITERAL_CONVERSION = YES;
				CLANG_WARN_OBJC_ROOT_CLASS = YES_ERROR;
				CLANG_WARN_QUOTED_INCLUDE_IN_FRAMEWORK_HEADER = YES;
				CLANG_WARN_RANGE_LOOP_ANALYSIS = YES;
				CLANG_WARN_STRICT_PROTOTYPES = YES;
				CLANG_WARN_SUSPICIOUS_MOVE = YES;
				CLANG_WARN_UNGUARDED_AVAILABILITY = YES_AGGRESSIVE;
				CLANG_WARN_UNREACHABLE_CODE = YES;
				CLANG_WARN__DUPLICATE_METHOD_MATCH = YES;
				COPY_PHASE_STRIP = NO;
				DEBUG_INFORMATION_FORMAT = dwarf;
				ENABLE_STRICT_OBJC_MSGSEND = YES;
				ENABLE_TESTABILITY = YES;
				ENABLE_USER_SCRIPT_SANDBOXING = YES;
				GCC_C_LANGUAGE_STANDARD = gnu17;
				GCC_DYNAMIC_NO_PIC = NO;
				GCC_NO_COMMON_BLOCKS = YES;
				GCC_OPTIMIZATION_LEVEL = 0;
				GCC_PREPROCESSOR_DEFINITIONS = (
					"DEBUG=1",
					"$(inherited)",
				);
				GCC_WARN_64_TO_32_BIT_CONVERSION = YES;
				GCC_WARN_ABOUT_RETURN_TYPE = YES_ERROR;
				GCC_WARN_UNDECLARED_SELECTOR = YES;
				GCC_WARN_UNINITIALIZED_AUTOS = YES_AGGRESSIVE;
				GCC_WARN_UNUSED_FUNCTION = YES;
				GCC_WARN_UNUSED_VARIABLE = YES;
				IPHONEOS_DEPLOYMENT_TARGET = 17.0;
				LOCALIZATION_PREFERS_STRING_CATALOGS = YES;
				MTL_ENABLE_DEBUG_INFO = INCLUDE_SOURCE;
				MTL_FAST_MATH = YES;
				ONLY_ACTIVE_ARCH = YES;
				SDKROOT = iphoneos;
				SWIFT_ACTIVE_COMPILATION_CONDITIONS = "DEBUG $(inherited)";
				SWIFT_OPTIMIZATION_LEVEL = "-Onone";
			};
			name = Debug;
		};
		83BB3D682AE3E78200300A56 /* Release */ = {
			isa = XCBuildConfiguration;
			buildSettings = {
				ALWAYS_SEARCH_USER_PATHS = NO;
				ASSETCATALOG_COMPILER_GENERATE_SWIFT_ASSET_SYMBOL_EXTENSIONS = YES;
				CLANG_ANALYZER_NONNULL = YES;
				CLANG_ANALYZER_NUMBER_OBJECT_CONVERSION = YES_AGGRESSIVE;
				CLANG_CXX_LANGUAGE_STANDARD = "gnu++20";
				CLANG_ENABLE_MODULES = YES;
				CLANG_ENABLE_OBJC_ARC = YES;
				CLANG_ENABLE_OBJC_WEAK = YES;
				CLANG_WARN_BLOCK_CAPTURE_AUTORELEASING = YES;
				CLANG_WARN_BOOL_CONVERSION = YES;
				CLANG_WARN_COMMA = YES;
				CLANG_WARN_CONSTANT_CONVERSION = YES;
				CLANG_WARN_DEPRECATED_OBJC_IMPLEMENTATIONS = YES;
				CLANG_WARN_DIRECT_OBJC_ISA_USAGE = YES_ERROR;
				CLANG_WARN_DOCUMENTATION_COMMENTS = YES;
				CLANG_WARN_EMPTY_BODY = YES;
				CLANG_WARN_ENUM_CONVERSION = YES;
				CLANG_WARN_INFINITE_RECURSION = YES;
				CLANG_WARN_INT_CONVERSION = YES;
				CLANG_WARN_NON_LITERAL_NULL_CONVERSION = YES;
				CLANG_WARN_OBJC_IMPLICIT_RETAIN_SELF = YES;
				CLANG_WARN_OBJC_LITERAL_CONVERSION = YES;
				CLANG_WARN_OBJC_ROOT_CLASS = YES_ERROR;
				CLANG_WARN_QUOTED_INCLUDE_IN_FRAMEWORK_HEADER = YES;
				CLANG_WARN_RANGE_LOOP_ANALYSIS = YES;
				CLANG_WARN_STRICT_PROTOTYPES = YES;
				CLANG_WARN_SUSPICIOUS_MOVE = YES;
				CLANG_WARN_UNGUARDED_AVAILABILITY = YES_AGGRESSIVE;
				CLANG_WARN_UNREACHABLE_CODE = YES;
				CLANG_WARN__DUPLICATE_METHOD_MATCH = YES;
				COPY_PHASE_STRIP = NO;
				DEBUG_INFORMATION_FORMAT = "dwarf-with-dsym";
				ENABLE_NS_ASSERTIONS = NO;
				ENABLE_STRICT_OBJC_MSGSEND = YES;
				ENABLE_USER_SCRIPT_SANDBOXING = YES;
				GCC_C_LANGUAGE_STANDARD = gnu17;
				GCC_NO_COMMON_BLOCKS = YES;
				GCC_WARN_64_TO_32_BIT_CONVERSION = YES;
				GCC_WARN_ABOUT_RETURN_TYPE = YES_ERROR;
				GCC_WARN_UNDECLARED_SELECTOR = YES;
				GCC_WARN_UNINITIALIZED_AUTOS = YES_AGGRESSIVE;
				GCC_WARN_UNUSED_FUNCTION = YES;
				GCC_WARN_UNUSED_VARIABLE = YES;
				IPHONEOS_DEPLOYMENT_TARGET = 17.0;
				LOCALIZATION_PREFERS_STRING_CATALOGS = YES;
				MTL_ENABLE_DEBUG_INFO = NO;
				MTL_FAST_MATH = YES;
				SDKROOT = iphoneos;
				SWIFT_COMPILATION_MODE = wholemodule;
				VALIDATE_PRODUCT = YES;
			};
			name = Release;
		};
		83BB3D6A2AE3E78200300A56 /* Debug */ = {
			isa = XCBuildConfiguration;
			buildSettings = {
				ASSETCATALOG_COMPILER_APPICON_NAME = AppIcon;
				ASSETCATALOG_COMPILER_GLOBAL_ACCENT_COLOR_NAME = AccentColor;
				CODE_SIGN_IDENTITY = "Apple Development";
				CODE_SIGN_STYLE = Automatic;
				CURRENT_PROJECT_VERSION = 1;
				DEVELOPMENT_ASSET_PATHS = "\"Memilah/Preview Content\"";
				DEVELOPMENT_TEAM = 3SC4Z3N76K;
				ENABLE_PREVIEWS = YES;
				GENERATE_INFOPLIST_FILE = YES;
				INFOPLIST_FILE = Memilah/Info.plist;
				INFOPLIST_KEY_CFBundleDisplayName = Memilah;
				INFOPLIST_KEY_LSApplicationCategoryType = "public.app-category.business";
				INFOPLIST_KEY_NSLocationWhenInUseUsageDescription = "To get user location and show it on mapview";
				INFOPLIST_KEY_UIApplicationSceneManifest_Generation = YES;
				INFOPLIST_KEY_UIApplicationSupportsIndirectInputEvents = YES;
				INFOPLIST_KEY_UILaunchScreen_Generation = YES;
				INFOPLIST_KEY_UIRequiresFullScreen = YES;
				INFOPLIST_KEY_UISupportedInterfaceOrientations = "UIInterfaceOrientationLandscapeLeft UIInterfaceOrientationLandscapeRight UIInterfaceOrientationPortrait";
				INFOPLIST_KEY_UISupportedInterfaceOrientations_iPad = "UIInterfaceOrientationLandscapeLeft UIInterfaceOrientationLandscapeRight";
				IPHONEOS_DEPLOYMENT_TARGET = 17.0;
				LD_RUNPATH_SEARCH_PATHS = (
					"$(inherited)",
					"@executable_path/Frameworks",
				);
				MARKETING_VERSION = 1.0;
				PRODUCT_BUNDLE_IDENTIFIER = com.trashtroopers.memilah;
				PRODUCT_NAME = "$(TARGET_NAME)";
				PROVISIONING_PROFILE_SPECIFIER = "";
				SUPPORTED_PLATFORMS = "iphoneos iphonesimulator";
				SUPPORTS_MACCATALYST = NO;
				SWIFT_EMIT_LOC_STRINGS = YES;
				SWIFT_VERSION = 5.0;
				TARGETED_DEVICE_FAMILY = 2;
			};
			name = Debug;
		};
		83BB3D6B2AE3E78200300A56 /* Release */ = {
			isa = XCBuildConfiguration;
			buildSettings = {
				ASSETCATALOG_COMPILER_APPICON_NAME = AppIcon;
				ASSETCATALOG_COMPILER_GLOBAL_ACCENT_COLOR_NAME = AccentColor;
				CODE_SIGN_IDENTITY = "Apple Development";
				CODE_SIGN_STYLE = Automatic;
				CURRENT_PROJECT_VERSION = 1;
				DEVELOPMENT_ASSET_PATHS = "\"Memilah/Preview Content\"";
				DEVELOPMENT_TEAM = 3SC4Z3N76K;
				ENABLE_PREVIEWS = YES;
				GENERATE_INFOPLIST_FILE = YES;
				INFOPLIST_FILE = Memilah/Info.plist;
				INFOPLIST_KEY_CFBundleDisplayName = Memilah;
				INFOPLIST_KEY_LSApplicationCategoryType = "public.app-category.business";
				INFOPLIST_KEY_NSLocationWhenInUseUsageDescription = "To get user location and show it on mapview";
				INFOPLIST_KEY_UIApplicationSceneManifest_Generation = YES;
				INFOPLIST_KEY_UIApplicationSupportsIndirectInputEvents = YES;
				INFOPLIST_KEY_UILaunchScreen_Generation = YES;
				INFOPLIST_KEY_UIRequiresFullScreen = YES;
				INFOPLIST_KEY_UISupportedInterfaceOrientations = "UIInterfaceOrientationLandscapeLeft UIInterfaceOrientationLandscapeRight UIInterfaceOrientationPortrait";
				INFOPLIST_KEY_UISupportedInterfaceOrientations_iPad = "UIInterfaceOrientationLandscapeLeft UIInterfaceOrientationLandscapeRight";
				IPHONEOS_DEPLOYMENT_TARGET = 17.0;
				LD_RUNPATH_SEARCH_PATHS = (
					"$(inherited)",
					"@executable_path/Frameworks",
				);
				MARKETING_VERSION = 1.0;
				PRODUCT_BUNDLE_IDENTIFIER = com.trashtroopers.memilah;
				PRODUCT_NAME = "$(TARGET_NAME)";
				PROVISIONING_PROFILE_SPECIFIER = "";
				SUPPORTED_PLATFORMS = "iphoneos iphonesimulator";
				SUPPORTS_MACCATALYST = NO;
				SWIFT_EMIT_LOC_STRINGS = YES;
				SWIFT_VERSION = 5.0;
				TARGETED_DEVICE_FAMILY = 2;
			};
			name = Release;
		};
/* End XCBuildConfiguration section */

/* Begin XCConfigurationList section */
		83BB3D562AE3E77F00300A56 /* Build configuration list for PBXProject "Memilah" */ = {
			isa = XCConfigurationList;
			buildConfigurations = (
				83BB3D672AE3E78200300A56 /* Debug */,
				83BB3D682AE3E78200300A56 /* Release */,
			);
			defaultConfigurationIsVisible = 0;
			defaultConfigurationName = Release;
		};
		83BB3D692AE3E78200300A56 /* Build configuration list for PBXNativeTarget "Memilah" */ = {
			isa = XCConfigurationList;
			buildConfigurations = (
				83BB3D6A2AE3E78200300A56 /* Debug */,
				83BB3D6B2AE3E78200300A56 /* Release */,
			);
			defaultConfigurationIsVisible = 0;
			defaultConfigurationName = Release;
		};
/* End XCConfigurationList section */

/* Begin XCRemoteSwiftPackageReference section */
		43D8CCE52AEF771C003938F0 /* XCRemoteSwiftPackageReference "firebase-ios-sdk" */ = {
			isa = XCRemoteSwiftPackageReference;
			repositoryURL = "https://github.com/firebase/firebase-ios-sdk";
			requirement = {
				kind = upToNextMajorVersion;
				minimumVersion = 10.16.0;
			};
		};
		F6A8C7E62B0DF66300539E30 /* XCRemoteSwiftPackageReference "SimpleToast" */ = {
			isa = XCRemoteSwiftPackageReference;
			repositoryURL = "https://github.com/sanzaru/SimpleToast";
			requirement = {
				kind = upToNextMajorVersion;
				minimumVersion = 0.8.1;
			};
		};
/* End XCRemoteSwiftPackageReference section */

/* Begin XCSwiftPackageProductDependency section */
		43D8CCF22AEF771C003938F0 /* FirebaseAuth */ = {
			isa = XCSwiftPackageProductDependency;
			package = 43D8CCE52AEF771C003938F0 /* XCRemoteSwiftPackageReference "firebase-ios-sdk" */;
			productName = FirebaseAuth;
		};
		43D8CCFE2AEF771C003938F0 /* FirebaseFirestore */ = {
			isa = XCSwiftPackageProductDependency;
			package = 43D8CCE52AEF771C003938F0 /* XCRemoteSwiftPackageReference "firebase-ios-sdk" */;
			productName = FirebaseFirestore;
		};
		43D8CD022AEF771C003938F0 /* FirebaseFirestoreSwift */ = {
			isa = XCSwiftPackageProductDependency;
			package = 43D8CCE52AEF771C003938F0 /* XCRemoteSwiftPackageReference "firebase-ios-sdk" */;
			productName = FirebaseFirestoreSwift;
		};
		43D8CD182AEF771C003938F0 /* FirebaseStorage */ = {
			isa = XCSwiftPackageProductDependency;
			package = 43D8CCE52AEF771C003938F0 /* XCRemoteSwiftPackageReference "firebase-ios-sdk" */;
			productName = FirebaseStorage;
		};
		43D8CD282AEF7A2D003938F0 /* FirebaseAuth */ = {
			isa = XCSwiftPackageProductDependency;
			package = 43D8CCE52AEF771C003938F0 /* XCRemoteSwiftPackageReference "firebase-ios-sdk" */;
			productName = FirebaseAuth;
		};
		43D8CD342AEF7A2D003938F0 /* FirebaseFirestore */ = {
			isa = XCSwiftPackageProductDependency;
			package = 43D8CCE52AEF771C003938F0 /* XCRemoteSwiftPackageReference "firebase-ios-sdk" */;
			productName = FirebaseFirestore;
		};
		43D8CD382AEF7A2D003938F0 /* FirebaseFirestoreSwift */ = {
			isa = XCSwiftPackageProductDependency;
			package = 43D8CCE52AEF771C003938F0 /* XCRemoteSwiftPackageReference "firebase-ios-sdk" */;
			productName = FirebaseFirestoreSwift;
		};
		43D8CD4E2AEF7A2D003938F0 /* FirebaseStorage */ = {
			isa = XCSwiftPackageProductDependency;
			package = 43D8CCE52AEF771C003938F0 /* XCRemoteSwiftPackageReference "firebase-ios-sdk" */;
			productName = FirebaseStorage;
		};
		F6A8C7E72B0DF66300539E30 /* SimpleToast */ = {
			isa = XCSwiftPackageProductDependency;
			package = F6A8C7E62B0DF66300539E30 /* XCRemoteSwiftPackageReference "SimpleToast" */;
			productName = SimpleToast;
		};
/* End XCSwiftPackageProductDependency section */
	};
	rootObject = 83BB3D532AE3E77F00300A56 /* Project object */;
}
